// !$*UTF8*$!
{
	archiveVersion = 1;
	classes = {
	};
	objectVersion = 46;
	objects = {

/* Begin PBXAggregateTarget section */
		AD64A7F2F0B184A97B4D02B9 /* Flux Lab - All */ = {
			isa = PBXAggregateTarget;
			buildConfigurationList = 0786A5F5DF54B28C17D9F784;
			buildPhases = (
			);
			dependencies = (
				05220BF7EBE925294D117A3D,
				1E01D1A5C08E29F353BBC4FB,
			);
			name = "Flux Lab - All";
			productName = "Flux Lab";
		};
/* End PBXAggregateTarget section */

/* Begin PBXBuildFile section */
		05D49ADA01BB94CA93C08DBA /* TempoSection.cpp */ = {isa = PBXBuildFile; fileRef = AE35E55127042392B640C3B3; };
		070186D8E37B14247C412FD1 /* BinaryData.cpp */ = {isa = PBXBuildFile; fileRef = 59DB724734BD867C03EBA1B8; };
		0D206BA305D527201AEDB470 /* include_juce_audio_processors_ara.cpp */ = {isa = PBXBuildFile; fileRef = 76EAC80EE5DC797C1ED69E5F; };
		13E5E5B2EA705969557DDF7A /* OBTAINBeatTracker.cpp */ = {isa = PBXBuildFile; fileRef = 663FC224A03F05417D4AB97F; };
		1E9ECA7530A683981E72F469 /* Metal.framework */ = {isa = PBXBuildFile; fileRef = 5EDC8AAEFB8A3B6C948F37B8; settings = { ATTRIBUTES = (Weak, ); }; };
		23A95E21625F3C3C9F61B1E3 /* include_juce_audio_processors.mm */ = {isa = PBXBuildFile; fileRef = DEAF8EB205B07CDF154D9B7A; };
		24F785C2F6B0F7C69A0D2408 /* include_juce_gui_basics.mm */ = {isa = PBXBuildFile; fileRef = 20114869D7C027415975BF49; };
		2C45DE31B27BBF3B04E16358 /* include_juce_audio_plugin_client_Standalone.cpp */ = {isa = PBXBuildFile; fileRef = 87023B5A3F778A1478742ECA; };
		2CB8AC1C4499206CC79326CD /* Accelerate.framework */ = {isa = PBXBuildFile; fileRef = 9482A8C4FE0ED55D6C6B1437; };
		32E596FE5BED620F5FBB9841 /* CoreText.framework */ = {isa = PBXBuildFile; fileRef = 88F079B76AE03DE904D326AB; };
		34581F131EE9119DB9CA2D79 /* CoreServices.framework */ = {isa = PBXBuildFile; fileRef = ACFC36232F941DD46FF61F44; };
		36E3CFF6F073EFAE923AD6AA /* CoreMIDI.framework */ = {isa = PBXBuildFile; fileRef = 7928501D654E510F4233E953; };
		38ECB0C09784664F5F8622EE /* CoreImage.framework */ = {isa = PBXBuildFile; fileRef = 551F13F7917EBE19C68BD01F; };
		38F4AD52F9C090190B7A805C /* Foundation.framework */ = {isa = PBXBuildFile; fileRef = D37B92BA20CEEAF39B32C0F1; };
		3BC65101AFB2B0BE8C8949E9 /* FluxCalculator.cpp */ = {isa = PBXBuildFile; fileRef = 15CFB4D23F4EBBC237CA4B0F; };
		3D118D51EC45D4CBBA71B9A4 /* include_juce_graphics.mm */ = {isa = PBXBuildFile; fileRef = A90047BFD142B1A0209B3C98; };
		3EE4904E09CBBDB74732B976 /* include_juce_events.mm */ = {isa = PBXBuildFile; fileRef = D5E7B0481029C380492E4F5B; };
		43328D06DB182D9C1CCF4C49 /* FXGrid.cpp */ = {isa = PBXBuildFile; fileRef = 3B167647BE66F889E396B13E; };
		4576A249952BA7F358BC4102 /* WebKit.framework */ = {isa = PBXBuildFile; fileRef = 7FD8ACFA4E25C1B908CFDF4B; };
		4C8F29AFDB2850968A496AAE /* include_juce_gui_extra.mm */ = {isa = PBXBuildFile; fileRef = D7350FC37E5645FB7F061285; };
		4E44CF3D588F3189543F515E /* include_juce_audio_devices.mm */ = {isa = PBXBuildFile; fileRef = 80FDE16EAA9B311543D91687; };
		4FACA72191296C85441BCCBE /* MetalKit.framework */ = {isa = PBXBuildFile; fileRef = 003F24FB9C99B6B900552F3F; settings = { ATTRIBUTES = (Weak, ); }; };
		502E3A9C54D968AAE259B910 /* LaunchScreen.storyboard */ = {isa = PBXBuildFile; fileRef = B98460650F77A8FF71F3AD8A; };
		52990F7EB9D4FF9D63BF5BEE /* Reverb.cpp */ = {isa = PBXBuildFile; fileRef = D6CC2B7D3FC5BBF9F3483D13; };
		558950119CC34320941F6B79 /* Standalone Plugin */ = {isa = PBXBuildFile; fileRef = 8E77D4FB434A2B94D997E1FB; };
		5A76A638C5FD9B01A9CEA52B /* UniformTypeIdentifiers.framework */ = {isa = PBXBuildFile; fileRef = 1CEEC348C5DC0EC1741B3132; settings = { ATTRIBUTES = (Weak, ); }; };
		5B0347F344C9737A6065ADAA /* include_juce_data_structures.mm */ = {isa = PBXBuildFile; fileRef = 0B523D9D559D7726042ABB65; };
		5C75E751C987C07A6230E7A4 /* include_juce_core.mm */ = {isa = PBXBuildFile; fileRef = C99FE3FE9180766BB085F753; };
		5D4170E6F8FFC53AF796B160 /* include_juce_audio_plugin_client_ARA.cpp */ = {isa = PBXBuildFile; fileRef = FB0835A4B319B15219EA2089; };
		6DAE56D0D52D587345FCF81F /* include_juce_audio_basics.mm */ = {isa = PBXBuildFile; fileRef = 9D4FC3EA7ADEBB5255379599; };
		70ADE0FE60636C8AA946A246 /* AppLayout.cpp */ = {isa = PBXBuildFile; fileRef = DDB1A8F681ED2471DF23EAE6; };
		749B02145C0E0DE39DB3595F /* QuartzCore.framework */ = {isa = PBXBuildFile; fileRef = C826340188BD5DC9AD92682A; };
		7CF78C3426234153232E46B1 /* UIKit.framework */ = {isa = PBXBuildFile; fileRef = 72297C118D811F97C16A2D9A; };
		883016F14C985113337A584D /* include_juce_audio_formats.mm */ = {isa = PBXBuildFile; fileRef = F726F0B5EF7C5106CBF2C623; };
		88F8E97119DCC567F1F5016A /* include_juce_graphics_Harfbuzz.cpp */ = {isa = PBXBuildFile; fileRef = 2E40FBDE8892BCD898EA3197; };
		8BBDB80DDEDFD54FAF744A7D /* BPMDisplay.cpp */ = {isa = PBXBuildFile; fileRef = 939E61C060119009F6120669; };
		931917A770F5C0994585459B /* UserNotifications.framework */ = {isa = PBXBuildFile; fileRef = 8726729BDAD62AFE17E6A46B; settings = { ATTRIBUTES = (Weak, ); }; };
		997A26B9CEAB9F852892A63B /* include_nierika_dsp.cpp */ = {isa = PBXBuildFile; fileRef = 939631E924F2AE0E35FB187F; };
		9C3DE15417CE3902A6C2F17C /* AudioToolbox.framework */ = {isa = PBXBuildFile; fileRef = B8A31A00BB516D782BDDAEBD; };
		A528BA6D2BC4A4B2B37F9B09 /* Test.cpp */ = {isa = PBXBuildFile; fileRef = AD86F5FBD0A291AC4BE5DA95; };
		ABBA0F7F7116FE687208F889 /* include_juce_audio_processors_lv2_libs.cpp */ = {isa = PBXBuildFile; fileRef = 03E6B10DF9D3FBA09B89F1F2; };
		B6CD6E6C1D6D50CB95188D07 /* FFT.cpp */ = {isa = PBXBuildFile; fileRef = B2B4BF7604F771B3A5B5CCE4; };
		C372F1E05D16F4900844B39D /* include_juce_graphics_Sheenbidi.c */ = {isa = PBXBuildFile; fileRef = F722911F1E9D801FF01F4206; };
		C6B61197D2AF133A25D68327 /* include_juce_dsp.mm */ = {isa = PBXBuildFile; fileRef = EC6697FEB8E5E912DFCA0BAB; };
		D6FF9C75016BEB9DF4FD0A93 /* CoreGraphics.framework */ = {isa = PBXBuildFile; fileRef = 85351D9EA66BA6FF587CDFA2; };
		DBB716F9A6B1EE1881A0AD39 /* AVFoundation.framework */ = {isa = PBXBuildFile; fileRef = 494CB8E95F08BFC1825219B0; };
		E2EF05F06FFB10747CAA69FE /* Images.xcassets */ = {isa = PBXBuildFile; fileRef = 076B32AE9E53E469C802D545; };
		E407A158DE3BBD42898157AD /* Shared Code */ = {isa = PBXBuildFile; fileRef = 8DDBF524B9C19CDB0AEC9DB1; };
		E93290B0595AE0081B01FD09 /* CoreAudioKit.framework */ = {isa = PBXBuildFile; fileRef = 3752BA9B9D14EE027508456B; };
		EAE75F31BA1E181B9C030F0F /* CoreAudio.framework */ = {isa = PBXBuildFile; fileRef = 6D7EFFE00FCCD5F084F1AEB2; };
		EDF8E7BB33DCC88A9FD70CC5 /* include_juce_core_CompilationTime.cpp */ = {isa = PBXBuildFile; fileRef = F2AF15E56D33EB53593D0797; };
		EFD9970196B57F86901F68AB /* PluginProcessor.cpp */ = {isa = PBXBuildFile; fileRef = A9BAA1972391A44B8FC2A08A; };
		F158B45D6B712E5B30AF07A0 /* PluginEditor.cpp */ = {isa = PBXBuildFile; fileRef = A1C9D2D6E8843A2A932DE8BC; };
		FDA48F9E5371E8F43D9987BD /* include_juce_audio_utils.mm */ = {isa = PBXBuildFile; fileRef = 836A9296F3666C3D0BFFEB43; };
/* End PBXBuildFile section */

/* Begin PBXFileReference section */
		003F24FB9C99B6B900552F3F /* MetalKit.framework */ /* MetalKit.framework */ = {isa = PBXFileReference; lastKnownFileType = wrapper.framework; name = MetalKit.framework; path = System/Library/Frameworks/MetalKit.framework; sourceTree = SDKROOT; };
		03E6B10DF9D3FBA09B89F1F2 /* include_juce_audio_processors_lv2_libs.cpp */ /* include_juce_audio_processors_lv2_libs.cpp */ = {isa = PBXFileReference; lastKnownFileType = sourcecode.cpp.cpp; name = include_juce_audio_processors_lv2_libs.cpp; path = ../../JuceLibraryCode/include_juce_audio_processors_lv2_libs.cpp; sourceTree = SOURCE_ROOT; };
		076B32AE9E53E469C802D545 /* Images.xcassets */ /* Images.xcassets */ = {isa = PBXFileReference; lastKnownFileType = folder.assetcatalog; name = Images.xcassets; path = "Flux Lab/Images.xcassets"; sourceTree = SOURCE_ROOT; };
		0B523D9D559D7726042ABB65 /* include_juce_data_structures.mm */ /* include_juce_data_structures.mm */ = {isa = PBXFileReference; lastKnownFileType = sourcecode.cpp.objcpp; name = include_juce_data_structures.mm; path = ../../JuceLibraryCode/include_juce_data_structures.mm; sourceTree = SOURCE_ROOT; };
		1150EBBB871E0D30A4EAA8AC /* PowerOfficon.svg */ /* PowerOfficon.svg */ = {isa = PBXFileReference; lastKnownFileType = file.svg; name = PowerOfficon.svg; path = ../../Assets/Icons/PowerOfficon.svg; sourceTree = SOURCE_ROOT; };
		15CFB4D23F4EBBC237CA4B0F /* FluxCalculator.cpp */ /* FluxCalculator.cpp */ = {isa = PBXFileReference; lastKnownFileType = sourcecode.cpp.cpp; name = FluxCalculator.cpp; path = ../../Source/FluxCalculator.cpp; sourceTree = SOURCE_ROOT; };
		1764B9ACB3CFC29C71E77CF1 /* juce_graphics */ /* juce_graphics */ = {isa = PBXFileReference; lastKnownFileType = folder; name = juce_graphics; path = ../../../libraries/JUCE/modules/juce_graphics; sourceTree = SOURCE_ROOT; };
		1832EA4D28DD6695DBCA769D /* FXGrid.h */ /* FXGrid.h */ = {isa = PBXFileReference; lastKnownFileType = sourcecode.c.h; name = FXGrid.h; path = ../../Include/Component/FXGrid.h; sourceTree = SOURCE_ROOT; };
		1CEEC348C5DC0EC1741B3132 /* UniformTypeIdentifiers.framework */ /* UniformTypeIdentifiers.framework */ = {isa = PBXFileReference; lastKnownFileType = wrapper.framework; name = UniformTypeIdentifiers.framework; path = System/Library/Frameworks/UniformTypeIdentifiers.framework; sourceTree = SDKROOT; };
		20114869D7C027415975BF49 /* include_juce_gui_basics.mm */ /* include_juce_gui_basics.mm */ = {isa = PBXFileReference; lastKnownFileType = sourcecode.cpp.objcpp; name = include_juce_gui_basics.mm; path = ../../JuceLibraryCode/include_juce_gui_basics.mm; sourceTree = SOURCE_ROOT; };
		22820B08479EB6EC7E3A009C /* nierika_dsp */ /* nierika_dsp */ = {isa = PBXFileReference; lastKnownFileType = folder; name = nierika_dsp; path = ../../../nierika_dsp; sourceTree = SOURCE_ROOT; };
		24AF4FAAFA5E387D6FB712ED /* juce_audio_plugin_client */ /* juce_audio_plugin_client */ = {isa = PBXFileReference; lastKnownFileType = folder; name = juce_audio_plugin_client; path = ../../../libraries/JUCE/modules/juce_audio_plugin_client; sourceTree = SOURCE_ROOT; };
		2585A3AC20E044C06DDAAE59 /* AppLayout.h */ /* AppLayout.h */ = {isa = PBXFileReference; lastKnownFileType = sourcecode.c.h; name = AppLayout.h; path = ../../Include/AppLayout.h; sourceTree = SOURCE_ROOT; };
		2600F6DB8F71A467610455C5 /* SectionIDs.h */ /* SectionIDs.h */ = {isa = PBXFileReference; lastKnownFileType = sourcecode.c.h; name = SectionIDs.h; path = ../../Include/Component/Section/SectionIDs.h; sourceTree = SOURCE_ROOT; };
		2B1410B589FC7AB2A84CACD8 /* Link.svg */ /* Link.svg */ = {isa = PBXFileReference; lastKnownFileType = file.svg; name = Link.svg; path = ../../Assets/Icons/Link.svg; sourceTree = SOURCE_ROOT; };
		2D86AB0C999A764D2EA3F01F /* Boxes.svg */ /* Boxes.svg */ = {isa = PBXFileReference; lastKnownFileType = file.svg; name = Boxes.svg; path = ../../Assets/Icons/Boxes.svg; sourceTree = SOURCE_ROOT; };
		2E40FBDE8892BCD898EA3197 /* include_juce_graphics_Harfbuzz.cpp */ /* include_juce_graphics_Harfbuzz.cpp */ = {isa = PBXFileReference; lastKnownFileType = sourcecode.cpp.cpp; name = include_juce_graphics_Harfbuzz.cpp; path = ../../JuceLibraryCode/include_juce_graphics_Harfbuzz.cpp; sourceTree = SOURCE_ROOT; };
		31E09D65B74A5D0A8E28797F /* juce_events */ /* juce_events */ = {isa = PBXFileReference; lastKnownFileType = folder; name = juce_events; path = ../../../libraries/JUCE/modules/juce_events; sourceTree = SOURCE_ROOT; };
		3752BA9B9D14EE027508456B /* CoreAudioKit.framework */ /* CoreAudioKit.framework */ = {isa = PBXFileReference; lastKnownFileType = wrapper.framework; name = CoreAudioKit.framework; path = System/Library/Frameworks/CoreAudioKit.framework; sourceTree = SDKROOT; };
		388249314294FBBA0A31C75F /* Brandon_bld.otf */ /* Brandon_bld.otf */ = {isa = PBXFileReference; lastKnownFileType = file.otf; name = Brandon_bld.otf; path = ../../Assets/Fonts/Brandon_bld.otf; sourceTree = SOURCE_ROOT; };
		3968B3053634EB9B04E1F78F /* juce_audio_basics */ /* juce_audio_basics */ = {isa = PBXFileReference; lastKnownFileType = folder; name = juce_audio_basics; path = ../../../libraries/JUCE/modules/juce_audio_basics; sourceTree = SOURCE_ROOT; };
		3A23D3BD22059029E1BEE7CA /* juce_gui_extra */ /* juce_gui_extra */ = {isa = PBXFileReference; lastKnownFileType = folder; name = juce_gui_extra; path = ../../../libraries/JUCE/modules/juce_gui_extra; sourceTree = SOURCE_ROOT; };
		3B167647BE66F889E396B13E /* FXGrid.cpp */ /* FXGrid.cpp */ = {isa = PBXFileReference; lastKnownFileType = sourcecode.cpp.cpp; name = FXGrid.cpp; path = ../../Source/Component/FXGrid.cpp; sourceTree = SOURCE_ROOT; };
		41F689ADFD0B413A914DCE0F /* juce_dsp */ /* juce_dsp */ = {isa = PBXFileReference; lastKnownFileType = folder; name = juce_dsp; path = ../../../libraries/JUCE/modules/juce_dsp; sourceTree = SOURCE_ROOT; };
		42D83DF34D3A6538BB962F8D /* Parameters.h */ /* Parameters.h */ = {isa = PBXFileReference; lastKnownFileType = sourcecode.c.h; name = Parameters.h; path = ../../Include/Parameters.h; sourceTree = SOURCE_ROOT; };
		4580E09AFBEABAD3B486DD02 /* juce_audio_utils */ /* juce_audio_utils */ = {isa = PBXFileReference; lastKnownFileType = folder; name = juce_audio_utils; path = ../../../libraries/JUCE/modules/juce_audio_utils; sourceTree = SOURCE_ROOT; };
		494CB8E95F08BFC1825219B0 /* AVFoundation.framework */ /* AVFoundation.framework */ = {isa = PBXFileReference; lastKnownFileType = wrapper.framework; name = AVFoundation.framework; path = System/Library/Frameworks/AVFoundation.framework; sourceTree = SDKROOT; };
		551F13F7917EBE19C68BD01F /* CoreImage.framework */ /* CoreImage.framework */ = {isa = PBXFileReference; lastKnownFileType = wrapper.framework; name = CoreImage.framework; path = System/Library/Frameworks/CoreImage.framework; sourceTree = SDKROOT; };
		5929D346CE54B90343A86336 /* Info-Standalone_Plugin.plist */ /* Info-Standalone_Plugin.plist */ = {isa = PBXFileReference; lastKnownFileType = text.plist.xml; name = "Info-Standalone_Plugin.plist"; path = "Info-Standalone_Plugin.plist"; sourceTree = SOURCE_ROOT; };
		59DB724734BD867C03EBA1B8 /* BinaryData.cpp */ /* BinaryData.cpp */ = {isa = PBXFileReference; lastKnownFileType = sourcecode.cpp.cpp; name = BinaryData.cpp; path = ../../JuceLibraryCode/BinaryData.cpp; sourceTree = SOURCE_ROOT; };
		5EDC8AAEFB8A3B6C948F37B8 /* Metal.framework */ /* Metal.framework */ = {isa = PBXFileReference; lastKnownFileType = wrapper.framework; name = Metal.framework; path = System/Library/Frameworks/Metal.framework; sourceTree = SDKROOT; };
		61AF5A95D3FE579B0215CC9D /* TempoSection.h */ /* TempoSection.h */ = {isa = PBXFileReference; lastKnownFileType = sourcecode.c.h; name = TempoSection.h; path = ../../Include/Component/TempoSection.h; sourceTree = SOURCE_ROOT; };
		6252F51551CBACED864D5C5E /* Minus.svg */ /* Minus.svg */ = {isa = PBXFileReference; lastKnownFileType = file.svg; name = Minus.svg; path = ../../Assets/Icons/Minus.svg; sourceTree = SOURCE_ROOT; };
		663FC224A03F05417D4AB97F /* OBTAINBeatTracker.cpp */ /* OBTAINBeatTracker.cpp */ = {isa = PBXFileReference; lastKnownFileType = sourcecode.cpp.cpp; name = OBTAINBeatTracker.cpp; path = ../../Source/OBTAINBeatTracker.cpp; sourceTree = SOURCE_ROOT; };
		6B82599F5CE880BAB967BBFC /* Brandon_reg.otf */ /* Brandon_reg.otf */ = {isa = PBXFileReference; lastKnownFileType = file.otf; name = Brandon_reg.otf; path = ../../Assets/Fonts/Brandon_reg.otf; sourceTree = SOURCE_ROOT; };
		6D7EFFE00FCCD5F084F1AEB2 /* CoreAudio.framework */ /* CoreAudio.framework */ = {isa = PBXFileReference; lastKnownFileType = wrapper.framework; name = CoreAudio.framework; path = System/Library/Frameworks/CoreAudio.framework; sourceTree = SDKROOT; };
		6EE2E39892FD26EBCE9E9C74 /* juce_audio_formats */ /* juce_audio_formats */ = {isa = PBXFileReference; lastKnownFileType = folder; name = juce_audio_formats; path = ../../../libraries/JUCE/modules/juce_audio_formats; sourceTree = SOURCE_ROOT; };
		72297C118D811F97C16A2D9A /* UIKit.framework */ /* UIKit.framework */ = {isa = PBXFileReference; lastKnownFileType = wrapper.framework; name = UIKit.framework; path = System/Library/Frameworks/UIKit.framework; sourceTree = SDKROOT; };
		74D8B7F16BD6830B216DC631 /* juce_core */ /* juce_core */ = {isa = PBXFileReference; lastKnownFileType = folder; name = juce_core; path = ../../../libraries/JUCE/modules/juce_core; sourceTree = SOURCE_ROOT; };
		74F34352303EB8031BCA93BF /* FFT.h */ /* FFT.h */ = {isa = PBXFileReference; lastKnownFileType = sourcecode.c.h; name = FFT.h; path = ../../Include/FFT.h; sourceTree = SOURCE_ROOT; };
		76EAC80EE5DC797C1ED69E5F /* include_juce_audio_processors_ara.cpp */ /* include_juce_audio_processors_ara.cpp */ = {isa = PBXFileReference; lastKnownFileType = sourcecode.cpp.cpp; name = include_juce_audio_processors_ara.cpp; path = ../../JuceLibraryCode/include_juce_audio_processors_ara.cpp; sourceTree = SOURCE_ROOT; };
		7928501D654E510F4233E953 /* CoreMIDI.framework */ /* CoreMIDI.framework */ = {isa = PBXFileReference; lastKnownFileType = wrapper.framework; name = CoreMIDI.framework; path = System/Library/Frameworks/CoreMIDI.framework; sourceTree = SDKROOT; };
		7B4F4D0AA9AEC449FE1201AC /* Brandon_med.otf */ /* Brandon_med.otf */ = {isa = PBXFileReference; lastKnownFileType = file.otf; name = Brandon_med.otf; path = ../../Assets/Fonts/Brandon_med.otf; sourceTree = SOURCE_ROOT; };
		7F5B8F0DA2DD280C0ED16147 /* BPMDisplay.h */ /* BPMDisplay.h */ = {isa = PBXFileReference; lastKnownFileType = sourcecode.c.h; name = BPMDisplay.h; path = ../../Include/Component/Section/BPMDisplay.h; sourceTree = SOURCE_ROOT; };
		7FD8ACFA4E25C1B908CFDF4B /* WebKit.framework */ /* WebKit.framework */ = {isa = PBXFileReference; lastKnownFileType = wrapper.framework; name = WebKit.framework; path = System/Library/Frameworks/WebKit.framework; sourceTree = SDKROOT; };
		80D8AB1D0E10DD7B19E56EC6 /* juce_gui_basics */ /* juce_gui_basics */ = {isa = PBXFileReference; lastKnownFileType = folder; name = juce_gui_basics; path = ../../../libraries/JUCE/modules/juce_gui_basics; sourceTree = SOURCE_ROOT; };
		80FDE16EAA9B311543D91687 /* include_juce_audio_devices.mm */ /* include_juce_audio_devices.mm */ = {isa = PBXFileReference; lastKnownFileType = sourcecode.cpp.objcpp; name = include_juce_audio_devices.mm; path = ../../JuceLibraryCode/include_juce_audio_devices.mm; sourceTree = SOURCE_ROOT; };
		836A9296F3666C3D0BFFEB43 /* include_juce_audio_utils.mm */ /* include_juce_audio_utils.mm */ = {isa = PBXFileReference; lastKnownFileType = sourcecode.cpp.objcpp; name = include_juce_audio_utils.mm; path = ../../JuceLibraryCode/include_juce_audio_utils.mm; sourceTree = SOURCE_ROOT; };
		85351D9EA66BA6FF587CDFA2 /* CoreGraphics.framework */ /* CoreGraphics.framework */ = {isa = PBXFileReference; lastKnownFileType = wrapper.framework; name = CoreGraphics.framework; path = System/Library/Frameworks/CoreGraphics.framework; sourceTree = SDKROOT; };
		87023B5A3F778A1478742ECA /* include_juce_audio_plugin_client_Standalone.cpp */ /* include_juce_audio_plugin_client_Standalone.cpp */ = {isa = PBXFileReference; lastKnownFileType = sourcecode.cpp.cpp; name = include_juce_audio_plugin_client_Standalone.cpp; path = ../../JuceLibraryCode/include_juce_audio_plugin_client_Standalone.cpp; sourceTree = SOURCE_ROOT; };
		8726729BDAD62AFE17E6A46B /* UserNotifications.framework */ /* UserNotifications.framework */ = {isa = PBXFileReference; lastKnownFileType = wrapper.framework; name = UserNotifications.framework; path = System/Library/Frameworks/UserNotifications.framework; sourceTree = SDKROOT; };
		88F079B76AE03DE904D326AB /* CoreText.framework */ /* CoreText.framework */ = {isa = PBXFileReference; lastKnownFileType = wrapper.framework; name = CoreText.framework; path = System/Library/Frameworks/CoreText.framework; sourceTree = SDKROOT; };
		894968A69E4A5BFD761739CD /* juce_audio_devices */ /* juce_audio_devices */ = {isa = PBXFileReference; lastKnownFileType = folder; name = juce_audio_devices; path = ../../../libraries/JUCE/modules/juce_audio_devices; sourceTree = SOURCE_ROOT; };
		8DDBF524B9C19CDB0AEC9DB1 /* Shared Code */ = {isa = PBXFileReference; explicitFileType = archive.ar; includeInIndex = 0; path = "libFlux Lab.a"; sourceTree = BUILT_PRODUCTS_DIR; };
		8E77D4FB434A2B94D997E1FB /* Standalone Plugin */ = {isa = PBXFileReference; explicitFileType = wrapper.application; includeInIndex = 0; path = "Flux Lab.app"; sourceTree = BUILT_PRODUCTS_DIR; };
		92223BBEAFEE59753CEBDE7B /* Note.svg */ /* Note.svg */ = {isa = PBXFileReference; lastKnownFileType = file.svg; name = Note.svg; path = ../../Assets/Icons/Note.svg; sourceTree = SOURCE_ROOT; };
		939631E924F2AE0E35FB187F /* include_nierika_dsp.cpp */ /* include_nierika_dsp.cpp */ = {isa = PBXFileReference; lastKnownFileType = sourcecode.cpp.cpp; name = include_nierika_dsp.cpp; path = ../../JuceLibraryCode/include_nierika_dsp.cpp; sourceTree = SOURCE_ROOT; };
		939E61C060119009F6120669 /* BPMDisplay.cpp */ /* BPMDisplay.cpp */ = {isa = PBXFileReference; lastKnownFileType = sourcecode.cpp.cpp; name = BPMDisplay.cpp; path = ../../Source/Component/Section/BPMDisplay.cpp; sourceTree = SOURCE_ROOT; };
		9482A8C4FE0ED55D6C6B1437 /* Accelerate.framework */ /* Accelerate.framework */ = {isa = PBXFileReference; lastKnownFileType = wrapper.framework; name = Accelerate.framework; path = System/Library/Frameworks/Accelerate.framework; sourceTree = SDKROOT; };
		98018711F2811DEC819618A8 /* JucePluginDefines.h */ /* JucePluginDefines.h */ = {isa = PBXFileReference; lastKnownFileType = sourcecode.c.h; name = JucePluginDefines.h; path = ../../JuceLibraryCode/JucePluginDefines.h; sourceTree = SOURCE_ROOT; };
		9D4FC3EA7ADEBB5255379599 /* include_juce_audio_basics.mm */ /* include_juce_audio_basics.mm */ = {isa = PBXFileReference; lastKnownFileType = sourcecode.cpp.objcpp; name = include_juce_audio_basics.mm; path = ../../JuceLibraryCode/include_juce_audio_basics.mm; sourceTree = SOURCE_ROOT; };
		9DA42D8D735138C90F22F60C /* Brandon_thin.otf */ /* Brandon_thin.otf */ = {isa = PBXFileReference; lastKnownFileType = file.otf; name = Brandon_thin.otf; path = ../../Assets/Fonts/Brandon_thin.otf; sourceTree = SOURCE_ROOT; };
		A1C9D2D6E8843A2A932DE8BC /* PluginEditor.cpp */ /* PluginEditor.cpp */ = {isa = PBXFileReference; lastKnownFileType = sourcecode.cpp.cpp; name = PluginEditor.cpp; path = ../../Source/PluginEditor.cpp; sourceTree = SOURCE_ROOT; };
		A90047BFD142B1A0209B3C98 /* include_juce_graphics.mm */ /* include_juce_graphics.mm */ = {isa = PBXFileReference; lastKnownFileType = sourcecode.cpp.objcpp; name = include_juce_graphics.mm; path = ../../JuceLibraryCode/include_juce_graphics.mm; sourceTree = SOURCE_ROOT; };
		A9BAA1972391A44B8FC2A08A /* PluginProcessor.cpp */ /* PluginProcessor.cpp */ = {isa = PBXFileReference; lastKnownFileType = sourcecode.cpp.cpp; name = PluginProcessor.cpp; path = ../../Source/PluginProcessor.cpp; sourceTree = SOURCE_ROOT; };
		ACFC36232F941DD46FF61F44 /* CoreServices.framework */ /* CoreServices.framework */ = {isa = PBXFileReference; lastKnownFileType = wrapper.framework; name = CoreServices.framework; path = System/Library/Frameworks/CoreServices.framework; sourceTree = SDKROOT; };
		AD86F5FBD0A291AC4BE5DA95 /* Test.cpp */ /* Test.cpp */ = {isa = PBXFileReference; lastKnownFileType = sourcecode.cpp.cpp; name = Test.cpp; path = ../../Source/Component/Section/Test.cpp; sourceTree = SOURCE_ROOT; };
		AE35E55127042392B640C3B3 /* TempoSection.cpp */ /* TempoSection.cpp */ = {isa = PBXFileReference; lastKnownFileType = sourcecode.cpp.cpp; name = TempoSection.cpp; path = ../../Source/Component/TempoSection.cpp; sourceTree = SOURCE_ROOT; };
		B235A07FC96A7514B9786862 /* ArrowUp.svg */ /* ArrowUp.svg */ = {isa = PBXFileReference; lastKnownFileType = file.svg; name = ArrowUp.svg; path = ../../Assets/Icons/ArrowUp.svg; sourceTree = SOURCE_ROOT; };
		B2B4BF7604F771B3A5B5CCE4 /* FFT.cpp */ /* FFT.cpp */ = {isa = PBXFileReference; lastKnownFileType = sourcecode.cpp.cpp; name = FFT.cpp; path = ../../Source/FFT.cpp; sourceTree = SOURCE_ROOT; };
		B8A31A00BB516D782BDDAEBD /* AudioToolbox.framework */ /* AudioToolbox.framework */ = {isa = PBXFileReference; lastKnownFileType = wrapper.framework; name = AudioToolbox.framework; path = System/Library/Frameworks/AudioToolbox.framework; sourceTree = SDKROOT; };
		B98460650F77A8FF71F3AD8A /* LaunchScreen.storyboard */ /* LaunchScreen.storyboard */ = {isa = PBXFileReference; lastKnownFileType = file.storyboard; name = LaunchScreen.storyboard; path = LaunchScreen.storyboard; sourceTree = SOURCE_ROOT; };
		B9D61A982B5D4909554E7E09 /* OBTAINBeatTracker.h */ /* OBTAINBeatTracker.h */ = {isa = PBXFileReference; lastKnownFileType = sourcecode.c.h; name = OBTAINBeatTracker.h; path = ../../Include/OBTAINBeatTracker.h; sourceTree = SOURCE_ROOT; };
		C40353BFA9F7B4CE749C4ED3 /* BinaryData.h */ /* BinaryData.h */ = {isa = PBXFileReference; lastKnownFileType = sourcecode.c.h; name = BinaryData.h; path = ../../JuceLibraryCode/BinaryData.h; sourceTree = SOURCE_ROOT; };
		C573B13D8F9EAE0A396C2FD7 /* Brandon_light.otf */ /* Brandon_light.otf */ = {isa = PBXFileReference; lastKnownFileType = file.otf; name = Brandon_light.otf; path = ../../Assets/Fonts/Brandon_light.otf; sourceTree = SOURCE_ROOT; };
		C826340188BD5DC9AD92682A /* QuartzCore.framework */ /* QuartzCore.framework */ = {isa = PBXFileReference; lastKnownFileType = wrapper.framework; name = QuartzCore.framework; path = System/Library/Frameworks/QuartzCore.framework; sourceTree = SDKROOT; };
		C99FE3FE9180766BB085F753 /* include_juce_core.mm */ /* include_juce_core.mm */ = {isa = PBXFileReference; lastKnownFileType = sourcecode.cpp.objcpp; name = include_juce_core.mm; path = ../../JuceLibraryCode/include_juce_core.mm; sourceTree = SOURCE_ROOT; };
		CDEFAEBA4F971897A43994B8 /* Plus.svg */ /* Plus.svg */ = {isa = PBXFileReference; lastKnownFileType = file.svg; name = Plus.svg; path = ../../Assets/Icons/Plus.svg; sourceTree = SOURCE_ROOT; };
		D0057692AC570EFBD8BABFEE /* NoteLogger.h */ /* NoteLogger.h */ = {isa = PBXFileReference; lastKnownFileType = sourcecode.c.h; name = NoteLogger.h; path = ../../Include/NoteLogger.h; sourceTree = SOURCE_ROOT; };
		D37B92BA20CEEAF39B32C0F1 /* Foundation.framework */ /* Foundation.framework */ = {isa = PBXFileReference; lastKnownFileType = wrapper.framework; name = Foundation.framework; path = System/Library/Frameworks/Foundation.framework; sourceTree = SDKROOT; };
		D472FF171C602FA17E8E72FB /* Info.svg */ /* Info.svg */ = {isa = PBXFileReference; lastKnownFileType = file.svg; name = Info.svg; path = ../../Assets/Icons/Info.svg; sourceTree = SOURCE_ROOT; };
		D5E7B0481029C380492E4F5B /* include_juce_events.mm */ /* include_juce_events.mm */ = {isa = PBXFileReference; lastKnownFileType = sourcecode.cpp.objcpp; name = include_juce_events.mm; path = ../../JuceLibraryCode/include_juce_events.mm; sourceTree = SOURCE_ROOT; };
		D6CC2B7D3FC5BBF9F3483D13 /* Reverb.cpp */ /* Reverb.cpp */ = {isa = PBXFileReference; lastKnownFileType = sourcecode.cpp.cpp; name = Reverb.cpp; path = ../../Source/Component/Section/Reverb.cpp; sourceTree = SOURCE_ROOT; };
		D7350FC37E5645FB7F061285 /* include_juce_gui_extra.mm */ /* include_juce_gui_extra.mm */ = {isa = PBXFileReference; lastKnownFileType = sourcecode.cpp.objcpp; name = include_juce_gui_extra.mm; path = ../../JuceLibraryCode/include_juce_gui_extra.mm; sourceTree = SOURCE_ROOT; };
		D8E73F7E94CDBE5599931066 /* juce_data_structures */ /* juce_data_structures */ = {isa = PBXFileReference; lastKnownFileType = folder; name = juce_data_structures; path = ../../../libraries/JUCE/modules/juce_data_structures; sourceTree = SOURCE_ROOT; };
		DC8FB676CFC2C93846591FA7 /* ArrowDown.svg */ /* ArrowDown.svg */ = {isa = PBXFileReference; lastKnownFileType = file.svg; name = ArrowDown.svg; path = ../../Assets/Icons/ArrowDown.svg; sourceTree = SOURCE_ROOT; };
		DDB1A8F681ED2471DF23EAE6 /* AppLayout.cpp */ /* AppLayout.cpp */ = {isa = PBXFileReference; lastKnownFileType = sourcecode.cpp.cpp; name = AppLayout.cpp; path = ../../Source/AppLayout.cpp; sourceTree = SOURCE_ROOT; };
		DEAF8EB205B07CDF154D9B7A /* include_juce_audio_processors.mm */ /* include_juce_audio_processors.mm */ = {isa = PBXFileReference; lastKnownFileType = sourcecode.cpp.objcpp; name = include_juce_audio_processors.mm; path = ../../JuceLibraryCode/include_juce_audio_processors.mm; sourceTree = SOURCE_ROOT; };
		E44BE62CFF9A83D67EB111F7 /* PluginProcessor.h */ /* PluginProcessor.h */ = {isa = PBXFileReference; lastKnownFileType = sourcecode.c.h; name = PluginProcessor.h; path = ../../Include/PluginProcessor.h; sourceTree = SOURCE_ROOT; };
		E8516BE323DDAF2C2E6343B3 /* Test.h */ /* Test.h */ = {isa = PBXFileReference; lastKnownFileType = sourcecode.c.h; name = Test.h; path = ../../Include/Component/Section/Test.h; sourceTree = SOURCE_ROOT; };
		E8E4028F3335B204E5F0FBD5 /* PluginEditor.h */ /* PluginEditor.h */ = {isa = PBXFileReference; lastKnownFileType = sourcecode.c.h; name = PluginEditor.h; path = ../../Include/PluginEditor.h; sourceTree = SOURCE_ROOT; };
		EC6697FEB8E5E912DFCA0BAB /* include_juce_dsp.mm */ /* include_juce_dsp.mm */ = {isa = PBXFileReference; lastKnownFileType = sourcecode.cpp.objcpp; name = include_juce_dsp.mm; path = ../../JuceLibraryCode/include_juce_dsp.mm; sourceTree = SOURCE_ROOT; };
		EFA58EEC8939E3C4BB5E93D6 /* FluxCalculator.h */ /* FluxCalculator.h */ = {isa = PBXFileReference; lastKnownFileType = sourcecode.c.h; name = FluxCalculator.h; path = ../../Include/FluxCalculator.h; sourceTree = SOURCE_ROOT; };
		F2AF15E56D33EB53593D0797 /* include_juce_core_CompilationTime.cpp */ /* include_juce_core_CompilationTime.cpp */ = {isa = PBXFileReference; lastKnownFileType = sourcecode.cpp.cpp; name = include_juce_core_CompilationTime.cpp; path = ../../JuceLibraryCode/include_juce_core_CompilationTime.cpp; sourceTree = SOURCE_ROOT; };
		F722911F1E9D801FF01F4206 /* include_juce_graphics_Sheenbidi.c */ /* include_juce_graphics_Sheenbidi.c */ = {isa = PBXFileReference; lastKnownFileType = sourcecode.c.c; name = include_juce_graphics_Sheenbidi.c; path = ../../JuceLibraryCode/include_juce_graphics_Sheenbidi.c; sourceTree = SOURCE_ROOT; };
		F726F0B5EF7C5106CBF2C623 /* include_juce_audio_formats.mm */ /* include_juce_audio_formats.mm */ = {isa = PBXFileReference; lastKnownFileType = sourcecode.cpp.objcpp; name = include_juce_audio_formats.mm; path = ../../JuceLibraryCode/include_juce_audio_formats.mm; sourceTree = SOURCE_ROOT; };
		F748446DAC5910874CA27EF5 /* juce_audio_processors */ /* juce_audio_processors */ = {isa = PBXFileReference; lastKnownFileType = folder; name = juce_audio_processors; path = ../../../libraries/JUCE/modules/juce_audio_processors; sourceTree = SOURCE_ROOT; };
		FA748987940EE26F0DE7585C /* Reverb.h */ /* Reverb.h */ = {isa = PBXFileReference; lastKnownFileType = sourcecode.c.h; name = Reverb.h; path = ../../Include/Component/Section/Reverb.h; sourceTree = SOURCE_ROOT; };
		FACCE8FF2C119B953DDF85CC /* PingPong.svg */ /* PingPong.svg */ = {isa = PBXFileReference; lastKnownFileType = file.svg; name = PingPong.svg; path = ../../Assets/Icons/PingPong.svg; sourceTree = SOURCE_ROOT; };
		FB0835A4B319B15219EA2089 /* include_juce_audio_plugin_client_ARA.cpp */ /* include_juce_audio_plugin_client_ARA.cpp */ = {isa = PBXFileReference; lastKnownFileType = sourcecode.cpp.cpp; name = include_juce_audio_plugin_client_ARA.cpp; path = ../../JuceLibraryCode/include_juce_audio_plugin_client_ARA.cpp; sourceTree = SOURCE_ROOT; };
		FE2A43DAB4673BDAE94187D2 /* JuceHeader.h */ /* JuceHeader.h */ = {isa = PBXFileReference; lastKnownFileType = sourcecode.c.h; name = JuceHeader.h; path = ../../JuceLibraryCode/JuceHeader.h; sourceTree = SOURCE_ROOT; };
/* End PBXFileReference section */

/* Begin PBXFrameworksBuildPhase section */
		D83BB98139DDE828012D03BA = {
			isa = PBXFrameworksBuildPhase;
			buildActionMask = 2147483647;
			files = (
				2CB8AC1C4499206CC79326CD,
				9C3DE15417CE3902A6C2F17C,
				DBB716F9A6B1EE1881A0AD39,
				EAE75F31BA1E181B9C030F0F,
				E93290B0595AE0081B01FD09,
				D6FF9C75016BEB9DF4FD0A93,
				38ECB0C09784664F5F8622EE,
				36E3CFF6F073EFAE923AD6AA,
				34581F131EE9119DB9CA2D79,
				32E596FE5BED620F5FBB9841,
				38F4AD52F9C090190B7A805C,
				749B02145C0E0DE39DB3595F,
				7CF78C3426234153232E46B1,
				4576A249952BA7F358BC4102,
				1E9ECA7530A683981E72F469,
				4FACA72191296C85441BCCBE,
				5A76A638C5FD9B01A9CEA52B,
				931917A770F5C0994585459B,
			);
			runOnlyForDeploymentPostprocessing = 0;
		};
/* End PBXFrameworksBuildPhase section */

/* Begin PBXGroup section */
		01F52A0EB6D0B972BF5F8AEA /* Frameworks */ = {
			isa = PBXGroup;
			children = (
				9482A8C4FE0ED55D6C6B1437,
				B8A31A00BB516D782BDDAEBD,
				494CB8E95F08BFC1825219B0,
				6D7EFFE00FCCD5F084F1AEB2,
				3752BA9B9D14EE027508456B,
				85351D9EA66BA6FF587CDFA2,
				551F13F7917EBE19C68BD01F,
				7928501D654E510F4233E953,
				ACFC36232F941DD46FF61F44,
				88F079B76AE03DE904D326AB,
				D37B92BA20CEEAF39B32C0F1,
				C826340188BD5DC9AD92682A,
				72297C118D811F97C16A2D9A,
				7FD8ACFA4E25C1B908CFDF4B,
				5EDC8AAEFB8A3B6C948F37B8,
				003F24FB9C99B6B900552F3F,
				1CEEC348C5DC0EC1741B3132,
				8726729BDAD62AFE17E6A46B,
			);
			name = Frameworks;
			sourceTree = "<group>";
		};
		03C3A554C65D1DC39DFE3504 /* Section */ = {
			isa = PBXGroup;
			children = (
				939E61C060119009F6120669,
				D6CC2B7D3FC5BBF9F3483D13,
				AD86F5FBD0A291AC4BE5DA95,
			);
			name = Section;
			sourceTree = "<group>";
		};
		068D7924FD1202FC3696BD6E /* JUCE Library Code */ = {
			isa = PBXGroup;
			children = (
				59DB724734BD867C03EBA1B8,
				C40353BFA9F7B4CE749C4ED3,
				9D4FC3EA7ADEBB5255379599,
				80FDE16EAA9B311543D91687,
				F726F0B5EF7C5106CBF2C623,
				FB0835A4B319B15219EA2089,
				87023B5A3F778A1478742ECA,
				DEAF8EB205B07CDF154D9B7A,
				76EAC80EE5DC797C1ED69E5F,
				03E6B10DF9D3FBA09B89F1F2,
				836A9296F3666C3D0BFFEB43,
				C99FE3FE9180766BB085F753,
				F2AF15E56D33EB53593D0797,
				0B523D9D559D7726042ABB65,
				EC6697FEB8E5E912DFCA0BAB,
				D5E7B0481029C380492E4F5B,
				A90047BFD142B1A0209B3C98,
				2E40FBDE8892BCD898EA3197,
				F722911F1E9D801FF01F4206,
				20114869D7C027415975BF49,
				D7350FC37E5645FB7F061285,
				939631E924F2AE0E35FB187F,
				FE2A43DAB4673BDAE94187D2,
				98018711F2811DEC819618A8,
			);
			name = "JUCE Library Code";
			sourceTree = "<group>";
		};
		17B9947289A6F5D1D21D352F /* Source */ = {
			isa = PBXGroup;
			children = (
				59CC786E900C87D57C0B7A9C,
				3D71926BBF3033214FFA5464,
				068D7924FD1202FC3696BD6E,
				8327C1E10E785E03DDCF5876,
				01F52A0EB6D0B972BF5F8AEA,
				3EC6561D163F0628F303EBC6,
			);
			name = Source;
			sourceTree = "<group>";
		};
		19D1D6B0D8B70B3D3E50005F /* Section */ = {
			isa = PBXGroup;
			children = (
				7F5B8F0DA2DD280C0ED16147,
				FA748987940EE26F0DE7585C,
				2600F6DB8F71A467610455C5,
				E8516BE323DDAF2C2E6343B3,
			);
			name = Section;
			sourceTree = "<group>";
		};
		23C3B219FC8888C6CF8C0775 /* Include */ = {
			isa = PBXGroup;
			children = (
				A46C6923F9838BA79096DBF1,
				2585A3AC20E044C06DDAAE59,
				74F34352303EB8031BCA93BF,
				EFA58EEC8939E3C4BB5E93D6,
				D0057692AC570EFBD8BABFEE,
				B9D61A982B5D4909554E7E09,
				42D83DF34D3A6538BB962F8D,
				E8E4028F3335B204E5F0FBD5,
				E44BE62CFF9A83D67EB111F7,
			);
			name = Include;
			sourceTree = "<group>";
		};
		2A44EDB978340AC1C80BA6AB /* Component */ = {
			isa = PBXGroup;
			children = (
				03C3A554C65D1DC39DFE3504,
				3B167647BE66F889E396B13E,
				AE35E55127042392B640C3B3,
			);
			name = Component;
			sourceTree = "<group>";
		};
		3D71926BBF3033214FFA5464 /* JUCE Modules */ = {
			isa = PBXGroup;
			children = (
				3968B3053634EB9B04E1F78F,
				894968A69E4A5BFD761739CD,
				6EE2E39892FD26EBCE9E9C74,
				24AF4FAAFA5E387D6FB712ED,
				F748446DAC5910874CA27EF5,
				4580E09AFBEABAD3B486DD02,
				74D8B7F16BD6830B216DC631,
				D8E73F7E94CDBE5599931066,
				41F689ADFD0B413A914DCE0F,
				31E09D65B74A5D0A8E28797F,
				1764B9ACB3CFC29C71E77CF1,
				80D8AB1D0E10DD7B19E56EC6,
				3A23D3BD22059029E1BEE7CA,
				22820B08479EB6EC7E3A009C,
			);
			name = "JUCE Modules";
			sourceTree = "<group>";
		};
		3EC6561D163F0628F303EBC6 /* Products */ = {
			isa = PBXGroup;
			children = (
				8E77D4FB434A2B94D997E1FB,
				8DDBF524B9C19CDB0AEC9DB1,
			);
			name = Products;
			sourceTree = "<group>";
		};
		3ED528B3AF95FC35BEAB0516 /* Fonts */ = {
			isa = PBXGroup;
			children = (
				388249314294FBBA0A31C75F,
				C573B13D8F9EAE0A396C2FD7,
				7B4F4D0AA9AEC449FE1201AC,
				6B82599F5CE880BAB967BBFC,
				9DA42D8D735138C90F22F60C,
			);
			name = Fonts;
			sourceTree = "<group>";
		};
		579909FCFDFAE85B22158B55 /* Source */ = {
			isa = PBXGroup;
			children = (
				DDB1A8F681ED2471DF23EAE6,
				663FC224A03F05417D4AB97F,
				B2B4BF7604F771B3A5B5CCE4,
				15CFB4D23F4EBBC237CA4B0F,
				2A44EDB978340AC1C80BA6AB,
				A9BAA1972391A44B8FC2A08A,
				A1C9D2D6E8843A2A932DE8BC,
			);
			name = Source;
			sourceTree = "<group>";
		};
		59CC786E900C87D57C0B7A9C /* Flux Lab */ = {
			isa = PBXGroup;
			children = (
				F4A78BEA29357E3B915D9F51,
				23C3B219FC8888C6CF8C0775,
				579909FCFDFAE85B22158B55,
			);
			name = "Flux Lab";
			sourceTree = "<group>";
		};
		69DEAAF21615F48627E8FC78 /* Icons */ = {
			isa = PBXGroup;
			children = (
				DC8FB676CFC2C93846591FA7,
				B235A07FC96A7514B9786862,
				2D86AB0C999A764D2EA3F01F,
				D472FF171C602FA17E8E72FB,
				2B1410B589FC7AB2A84CACD8,
				6252F51551CBACED864D5C5E,
				92223BBEAFEE59753CEBDE7B,
				FACCE8FF2C119B953DDF85CC,
				CDEFAEBA4F971897A43994B8,
				1150EBBB871E0D30A4EAA8AC,
			);
			name = Icons;
			sourceTree = "<group>";
		};
		8327C1E10E785E03DDCF5876 /* Resources */ = {
			isa = PBXGroup;
			children = (
				5929D346CE54B90343A86336,
				076B32AE9E53E469C802D545,
				B98460650F77A8FF71F3AD8A,
			);
			name = Resources;
			sourceTree = "<group>";
		};
		A46C6923F9838BA79096DBF1 /* Component */ = {
			isa = PBXGroup;
			children = (
				19D1D6B0D8B70B3D3E50005F,
				1832EA4D28DD6695DBCA769D,
				61AF5A95D3FE579B0215CC9D,
			);
			name = Component;
			sourceTree = "<group>";
		};
		F4A78BEA29357E3B915D9F51 /* Assets */ = {
			isa = PBXGroup;
			children = (
				69DEAAF21615F48627E8FC78,
				3ED528B3AF95FC35BEAB0516,
			);
			name = Assets;
			sourceTree = "<group>";
		};
/* End PBXGroup section */

/* Begin PBXNativeTarget section */
		9140007AAA55CB258D7A6F31 /* Flux Lab - Shared Code */ = {
			isa = PBXNativeTarget;
			buildConfigurationList = 038F69A4E13F7ECE02E863CE;
			buildPhases = (
				0F6F53228EC456A851478F8F,
			);
			buildRules = (
			);
			dependencies = (
			);
			name = "Flux Lab - Shared Code";
			productName = "Flux Lab";
			productReference = 8DDBF524B9C19CDB0AEC9DB1;
			productType = "com.apple.product-type.library.static";
		};
		B93C1C626A29CA0147ECD68E /* Flux Lab - Standalone Plugin */ = {
			isa = PBXNativeTarget;
			buildConfigurationList = 1FCD5873182754A5BAFA9E13;
			buildPhases = (
				3AC37E359AD59E5184F66DA3,
				B08CB3823784249D70558C92,
				D83BB98139DDE828012D03BA,
			);
			buildRules = (
			);
			dependencies = (
				B04608C0A45816E22996BE63,
			);
			name = "Flux Lab - Standalone Plugin";
			productName = "Flux Lab";
			productReference = 8E77D4FB434A2B94D997E1FB;
			productType = "com.apple.product-type.application";
		};
/* End PBXNativeTarget section */

/* Begin PBXProject section */
		97CAC70AAAE03D55FC28222C = {
			isa = PBXProject;
			attributes = {
				BuildIndependentTargetsInParallel = YES;
				LastUpgradeCheck = 1340;
				ORGANIZATIONNAME = "Nierika";
				TargetAttributes = {
					9140007AAA55CB258D7A6F31 = {
						SystemCapabilities = {
							com.apple.ApplicationGroups.iOS = {
								enabled = 0;
							};
							com.apple.HardenedRuntime = {
								enabled = 0;
							};
							com.apple.InAppPurchase = {
								enabled = 0;
							};
							com.apple.InterAppAudio = {
								enabled = 0;
							};
							com.apple.Push = {
								enabled = 0;
							};
							com.apple.Sandbox = {
								enabled = 0;
							};
						};
					};
					AD64A7F2F0B184A97B4D02B9 = {
						SystemCapabilities = {
							com.apple.ApplicationGroups.iOS = {
								enabled = 0;
							};
							com.apple.HardenedRuntime = {
								enabled = 0;
							};
							com.apple.InAppPurchase = {
								enabled = 0;
							};
							com.apple.InterAppAudio = {
								enabled = 0;
							};
							com.apple.Push = {
								enabled = 0;
							};
							com.apple.Sandbox = {
								enabled = 0;
							};
						};
					};
					B93C1C626A29CA0147ECD68E = {
						SystemCapabilities = {
							com.apple.ApplicationGroups.iOS = {
								enabled = 0;
							};
							com.apple.HardenedRuntime = {
								enabled = 0;
							};
							com.apple.InAppPurchase = {
								enabled = 0;
							};
							com.apple.InterAppAudio = {
								enabled = 0;
							};
							com.apple.Push = {
								enabled = 0;
							};
							com.apple.Sandbox = {
								enabled = 0;
							};
						};
					};
				};
			};
			buildConfigurationList = 1294E43D0B3505FCDE0D371A;
			compatibilityVersion = "Xcode 3.2";
			hasScannedForEncodings = 0;
			knownRegions = (
				en,
				Base,
			);
			mainGroup = 17B9947289A6F5D1D21D352F;
			projectDirPath = "";
			projectRoot = "";
			targets = (
				AD64A7F2F0B184A97B4D02B9,
				B93C1C626A29CA0147ECD68E,
				9140007AAA55CB258D7A6F31,
			);
		};
/* End PBXProject section */

/* Begin PBXResourcesBuildPhase section */
		3AC37E359AD59E5184F66DA3 = {
			isa = PBXResourcesBuildPhase;
			buildActionMask = 2147483647;
			files = (
				E2EF05F06FFB10747CAA69FE,
				502E3A9C54D968AAE259B910,
			);
			runOnlyForDeploymentPostprocessing = 0;
		};
/* End PBXResourcesBuildPhase section */

/* Begin PBXSourcesBuildPhase section */
		0F6F53228EC456A851478F8F = {
			isa = PBXSourcesBuildPhase;
			buildActionMask = 2147483647;
			files = (
				70ADE0FE60636C8AA946A246,
				13E5E5B2EA705969557DDF7A,
				B6CD6E6C1D6D50CB95188D07,
				3BC65101AFB2B0BE8C8949E9,
				8BBDB80DDEDFD54FAF744A7D,
				52990F7EB9D4FF9D63BF5BEE,
				A528BA6D2BC4A4B2B37F9B09,
				43328D06DB182D9C1CCF4C49,
				05D49ADA01BB94CA93C08DBA,
				EFD9970196B57F86901F68AB,
				F158B45D6B712E5B30AF07A0,
				070186D8E37B14247C412FD1,
				6DAE56D0D52D587345FCF81F,
				4E44CF3D588F3189543F515E,
				883016F14C985113337A584D,
				5D4170E6F8FFC53AF796B160,
				23A95E21625F3C3C9F61B1E3,
				0D206BA305D527201AEDB470,
				ABBA0F7F7116FE687208F889,
				FDA48F9E5371E8F43D9987BD,
				5C75E751C987C07A6230E7A4,
				EDF8E7BB33DCC88A9FD70CC5,
				5B0347F344C9737A6065ADAA,
				C6B61197D2AF133A25D68327,
				3EE4904E09CBBDB74732B976,
				3D118D51EC45D4CBBA71B9A4,
				88F8E97119DCC567F1F5016A,
				C372F1E05D16F4900844B39D,
				24F785C2F6B0F7C69A0D2408,
				4C8F29AFDB2850968A496AAE,
				997A26B9CEAB9F852892A63B,
			);
			runOnlyForDeploymentPostprocessing = 0;
		};
		B08CB3823784249D70558C92 = {
			isa = PBXSourcesBuildPhase;
			buildActionMask = 2147483647;
			files = (
				2C45DE31B27BBF3B04E16358,
			);
			runOnlyForDeploymentPostprocessing = 0;
		};
/* End PBXSourcesBuildPhase section */

/* Begin PBXTargetDependency section */
		05220BF7EBE925294D117A3D = {
			isa = PBXTargetDependency;
			target = B93C1C626A29CA0147ECD68E;
		};
		1E01D1A5C08E29F353BBC4FB = {
			isa = PBXTargetDependency;
			target = 9140007AAA55CB258D7A6F31;
		};
		B04608C0A45816E22996BE63 = {
			isa = PBXTargetDependency;
			target = 9140007AAA55CB258D7A6F31;
		};
/* End PBXTargetDependency section */

/* Begin XCBuildConfiguration section */
		065C00A49A01DA5ED23418DD /* Release */ = {
			isa = XCBuildConfiguration;
			buildSettings = {
				ASSETCATALOG_COMPILER_APPICON_NAME = AppIcon;
				CLANG_CXX_LANGUAGE_STANDARD = "c++20";
				CLANG_CXX_LIBRARY = "libc++";
				CLANG_LINK_OBJC_RUNTIME = NO;
				COMBINE_HIDPI_IMAGES = YES;
				CONFIGURATION_BUILD_DIR = "$(PROJECT_DIR)/build/$(CONFIGURATION)";
				DEAD_CODE_STRIPPING = YES;
				GCC_GENERATE_DEBUGGING_SYMBOLS = NO;
				GCC_OPTIMIZATION_LEVEL = 3;
				GCC_PREPROCESSOR_DEFINITIONS = (
					"_NDEBUG=1",
					"NDEBUG=1",
					"JUCE_CONTENT_SHARING=1",
					"JUCE_PROJUCER_VERSION=0x80007",
					"JUCE_MODULE_AVAILABLE_juce_audio_basics=1",
					"JUCE_MODULE_AVAILABLE_juce_audio_devices=1",
					"JUCE_MODULE_AVAILABLE_juce_audio_formats=1",
					"JUCE_MODULE_AVAILABLE_juce_audio_plugin_client=1",
					"JUCE_MODULE_AVAILABLE_juce_audio_processors=1",
					"JUCE_MODULE_AVAILABLE_juce_audio_utils=1",
					"JUCE_MODULE_AVAILABLE_juce_core=1",
					"JUCE_MODULE_AVAILABLE_juce_data_structures=1",
					"JUCE_MODULE_AVAILABLE_juce_dsp=1",
					"JUCE_MODULE_AVAILABLE_juce_events=1",
					"JUCE_MODULE_AVAILABLE_juce_graphics=1",
					"JUCE_MODULE_AVAILABLE_juce_gui_basics=1",
					"JUCE_MODULE_AVAILABLE_juce_gui_extra=1",
					"JUCE_MODULE_AVAILABLE_nierika_dsp=1",
					"JUCE_GLOBAL_MODULE_SETTINGS_INCLUDED=1",
					"JUCE_VST3_CAN_REPLACE_VST2=0",
					"JUCE_STRICT_REFCOUNTEDPOINTER=1",
					"JucePlugin_Build_VST=0",
					"JucePlugin_Build_VST3=0",
					"JucePlugin_Build_AU=0",
					"JucePlugin_Build_AUv3=0",
					"JucePlugin_Build_AAX=0",
					"JucePlugin_Build_Standalone=0",
					"JucePlugin_Build_Unity=0",
					"JucePlugin_Build_LV2=0",
					"JucePlugin_Enable_IAA=0",
					"JucePlugin_Enable_ARA=0",
					"JucePlugin_Name=\\\"Flux\\ Lab\\\"",
					"JucePlugin_Desc=\\\"Flux\\ Lab\\\"",
					"JucePlugin_Manufacturer=\\\"Nierika\\\"",
					"JucePlugin_ManufacturerWebsite=\\\"https://nierika.art\\\"",
					"JucePlugin_ManufacturerEmail=\\\"sebastien.halbeher@nierika.art\\\"",
					"JucePlugin_ManufacturerCode=0x4e524b41",
					"JucePlugin_PluginCode=0x536e6278",
					"JucePlugin_IsSynth=0",
					"JucePlugin_WantsMidiInput=0",
					"JucePlugin_ProducesMidiOutput=0",
					"JucePlugin_IsMidiEffect=0",
					"JucePlugin_EditorRequiresKeyboardFocus=0",
					"JucePlugin_Version=1.0.0",
					"JucePlugin_VersionCode=0x10000",
					"JucePlugin_VersionString=\\\"1.0.0\\\"",
					"JucePlugin_VSTUniqueID=JucePlugin_PluginCode",
					"JucePlugin_VSTCategory=kPlugCategEffect",
					"JucePlugin_Vst3Category=\\\"Fx\\\"",
					"JucePlugin_AUMainType=\\'aufx\\'",
					"JucePlugin_AUSubType=JucePlugin_PluginCode",
					"JucePlugin_AUExportPrefix=FluxLabAU",
					"JucePlugin_AUExportPrefixQuoted=\\\"FluxLabAU\\\"",
					"JucePlugin_AUManufacturerCode=JucePlugin_ManufacturerCode",
					"JucePlugin_CFBundleIdentifier=com.nierika.fluxlab",
					"JucePlugin_AAXIdentifier=com.nierika.fluxlab",
					"JucePlugin_AAXManufacturerCode=JucePlugin_ManufacturerCode",
					"JucePlugin_AAXProductId=JucePlugin_PluginCode",
					"JucePlugin_AAXCategory=0",
					"JucePlugin_AAXDisableBypass=0",
					"JucePlugin_AAXDisableMultiMono=0",
					"JucePlugin_IAAType=0x61757278",
					"JucePlugin_IAASubType=JucePlugin_PluginCode",
					"JucePlugin_IAAName=\\\"Nierika:\\ Flux\\ Lab\\\"",
					"JucePlugin_VSTNumMidiInputs=16",
					"JucePlugin_VSTNumMidiOutputs=16",
					"JucePlugin_ARAContentTypes=0",
					"JucePlugin_ARATransformationFlags=0",
					"JucePlugin_ARAFactoryID=\\\"com.Nierika.FluxLab.factory\\\"",
					"JucePlugin_ARADocumentArchiveID=\\\"com.Nierika.FluxLab.aradocumentarchive.1.0.0\\\"",
					"JucePlugin_ARACompatibleArchiveIDs=\\\"\\\"",
					"JUCE_STANDALONE_APPLICATION=JucePlugin_Build_Standalone",
					"JUCER_XCODE_IPHONE_5BC26AE3=1",
					"JUCE_APP_VERSION=1.0.0",
					"JUCE_APP_VERSION_HEX=0x10000",
				);
				GCC_VERSION = com.apple.compilers.llvm.clang.1_0;
				HEADER_SEARCH_PATHS = (
					"$(SRCROOT)/../../JuceLibraryCode",
					"$(SRCROOT)/../../../libraries/JUCE/modules",
					"$(SRCROOT)/../../../../Repos",
					"$(SRCROOT)/../../Include",
					"$(SRCROOT)/../../Assets",
					"$(SRCROOT)/../../../libraries/JUCE/modules/juce_audio_plugin_client/AU",
					"$(inherited)",
				);
				LLVM_LTO = YES;
				MTL_HEADER_SEARCH_PATHS = "$(SRCROOT)/../../JuceLibraryCode $(SRCROOT)/../../../libraries/JUCE/modules $(SRCROOT)/../../../../Repos $(SRCROOT)/../../Include $(SRCROOT)/../../Assets $(SRCROOT)/../../../libraries/JUCE/modules/juce_audio_plugin_client/AU";
				OTHER_LDFLAGS = "-lFlux\\ Lab";
				PRODUCT_BUNDLE_IDENTIFIER = com.nierika.fluxlab;
				PRODUCT_NAME = "Flux Lab";
				USE_HEADERMAP = NO;
			};
			name = Release;
		};
		0E4FC4DAFEB92AC5CFFC03B2 /* Debug */ = {
			isa = XCBuildConfiguration;
			buildSettings = {
				ASSETCATALOG_COMPILER_APPICON_NAME = AppIcon;
				CLANG_CXX_LANGUAGE_STANDARD = "c++20";
				CLANG_CXX_LIBRARY = "libc++";
				CLANG_LINK_OBJC_RUNTIME = NO;
				COMBINE_HIDPI_IMAGES = YES;
				CONFIGURATION_BUILD_DIR = "$(PROJECT_DIR)/build/$(CONFIGURATION)";
				COPY_PHASE_STRIP = NO;
				GCC_DYNAMIC_NO_PIC = NO;
				GCC_OPTIMIZATION_LEVEL = 0;
				GCC_PREPROCESSOR_DEFINITIONS = (
					"_DEBUG=1",
					"DEBUG=1",
					"JUCE_CONTENT_SHARING=1",
					"JUCE_PROJUCER_VERSION=0x80007",
					"JUCE_MODULE_AVAILABLE_juce_audio_basics=1",
					"JUCE_MODULE_AVAILABLE_juce_audio_devices=1",
					"JUCE_MODULE_AVAILABLE_juce_audio_formats=1",
					"JUCE_MODULE_AVAILABLE_juce_audio_plugin_client=1",
					"JUCE_MODULE_AVAILABLE_juce_audio_processors=1",
					"JUCE_MODULE_AVAILABLE_juce_audio_utils=1",
					"JUCE_MODULE_AVAILABLE_juce_core=1",
					"JUCE_MODULE_AVAILABLE_juce_data_structures=1",
					"JUCE_MODULE_AVAILABLE_juce_dsp=1",
					"JUCE_MODULE_AVAILABLE_juce_events=1",
					"JUCE_MODULE_AVAILABLE_juce_graphics=1",
					"JUCE_MODULE_AVAILABLE_juce_gui_basics=1",
					"JUCE_MODULE_AVAILABLE_juce_gui_extra=1",
					"JUCE_MODULE_AVAILABLE_nierika_dsp=1",
					"JUCE_GLOBAL_MODULE_SETTINGS_INCLUDED=1",
					"JUCE_VST3_CAN_REPLACE_VST2=0",
					"JUCE_STRICT_REFCOUNTEDPOINTER=1",
					"JucePlugin_Build_VST=0",
					"JucePlugin_Build_VST3=0",
					"JucePlugin_Build_AU=0",
					"JucePlugin_Build_AUv3=0",
					"JucePlugin_Build_AAX=0",
					"JucePlugin_Build_Standalone=1",
					"JucePlugin_Build_Unity=0",
					"JucePlugin_Build_LV2=0",
					"JucePlugin_Enable_IAA=0",
					"JucePlugin_Enable_ARA=0",
					"JucePlugin_Name=\\\"Flux\\ Lab\\\"",
					"JucePlugin_Desc=\\\"Flux\\ Lab\\\"",
					"JucePlugin_Manufacturer=\\\"Nierika\\\"",
					"JucePlugin_ManufacturerWebsite=\\\"https://nierika.art\\\"",
					"JucePlugin_ManufacturerEmail=\\\"sebastien.halbeher@nierika.art\\\"",
					"JucePlugin_ManufacturerCode=0x4e524b41",
					"JucePlugin_PluginCode=0x536e6278",
					"JucePlugin_IsSynth=0",
					"JucePlugin_WantsMidiInput=0",
					"JucePlugin_ProducesMidiOutput=0",
					"JucePlugin_IsMidiEffect=0",
					"JucePlugin_EditorRequiresKeyboardFocus=0",
					"JucePlugin_Version=1.0.0",
					"JucePlugin_VersionCode=0x10000",
					"JucePlugin_VersionString=\\\"1.0.0\\\"",
					"JucePlugin_VSTUniqueID=JucePlugin_PluginCode",
					"JucePlugin_VSTCategory=kPlugCategEffect",
					"JucePlugin_Vst3Category=\\\"Fx\\\"",
					"JucePlugin_AUMainType=\\'aufx\\'",
					"JucePlugin_AUSubType=JucePlugin_PluginCode",
					"JucePlugin_AUExportPrefix=FluxLabAU",
					"JucePlugin_AUExportPrefixQuoted=\\\"FluxLabAU\\\"",
					"JucePlugin_AUManufacturerCode=JucePlugin_ManufacturerCode",
					"JucePlugin_CFBundleIdentifier=com.nierika.fluxlab",
					"JucePlugin_AAXIdentifier=com.nierika.fluxlab",
					"JucePlugin_AAXManufacturerCode=JucePlugin_ManufacturerCode",
					"JucePlugin_AAXProductId=JucePlugin_PluginCode",
					"JucePlugin_AAXCategory=0",
					"JucePlugin_AAXDisableBypass=0",
					"JucePlugin_AAXDisableMultiMono=0",
					"JucePlugin_IAAType=0x61757278",
					"JucePlugin_IAASubType=JucePlugin_PluginCode",
					"JucePlugin_IAAName=\\\"Nierika:\\ Flux\\ Lab\\\"",
					"JucePlugin_VSTNumMidiInputs=16",
					"JucePlugin_VSTNumMidiOutputs=16",
					"JucePlugin_ARAContentTypes=0",
					"JucePlugin_ARATransformationFlags=0",
					"JucePlugin_ARAFactoryID=\\\"com.Nierika.FluxLab.factory\\\"",
					"JucePlugin_ARADocumentArchiveID=\\\"com.Nierika.FluxLab.aradocumentarchive.1.0.0\\\"",
					"JucePlugin_ARACompatibleArchiveIDs=\\\"\\\"",
					"JUCE_STANDALONE_APPLICATION=JucePlugin_Build_Standalone",
					"JUCER_XCODE_IPHONE_5BC26AE3=1",
					"JUCE_APP_VERSION=1.0.0",
					"JUCE_APP_VERSION_HEX=0x10000",
					"JUCE_SHARED_CODE=1",
				);
				GCC_VERSION = com.apple.compilers.llvm.clang.1_0;
				HEADER_SEARCH_PATHS = (
					"$(SRCROOT)/../../JuceLibraryCode",
					"$(SRCROOT)/../../../libraries/JUCE/modules",
					"$(SRCROOT)/../../../../Repos",
					"$(SRCROOT)/../../Include",
					"$(SRCROOT)/../../Assets",
					"$(SRCROOT)/../../../libraries/JUCE/modules/juce_audio_plugin_client/AU",
					"$(inherited)",
				);
				INSTALL_PATH = "@executable_path/Frameworks";
				MTL_HEADER_SEARCH_PATHS = "$(SRCROOT)/../../JuceLibraryCode $(SRCROOT)/../../../libraries/JUCE/modules $(SRCROOT)/../../../../Repos $(SRCROOT)/../../Include $(SRCROOT)/../../Assets $(SRCROOT)/../../../libraries/JUCE/modules/juce_audio_plugin_client/AU";
				PRODUCT_BUNDLE_IDENTIFIER = com.nierika.fluxlab;
				PRODUCT_NAME = "Flux Lab";
				SKIP_INSTALL = YES;
				USE_HEADERMAP = NO;
			};
			name = Debug;
		};
		2F857F1784F037DBAADB44C7 /* Release */ = {
			isa = XCBuildConfiguration;
			buildSettings = {
				ASSETCATALOG_COMPILER_APPICON_NAME = AppIcon;
				CLANG_CXX_LANGUAGE_STANDARD = "c++20";
				CLANG_CXX_LIBRARY = "libc++";
				CLANG_LINK_OBJC_RUNTIME = NO;
				COMBINE_HIDPI_IMAGES = YES;
				CONFIGURATION_BUILD_DIR = "$(PROJECT_DIR)/build/$(CONFIGURATION)";
				DEAD_CODE_STRIPPING = YES;
				GCC_GENERATE_DEBUGGING_SYMBOLS = NO;
				GCC_OPTIMIZATION_LEVEL = 3;
				GCC_PREPROCESSOR_DEFINITIONS = (
					"_NDEBUG=1",
					"NDEBUG=1",
					"JUCE_CONTENT_SHARING=1",
					"JUCE_PROJUCER_VERSION=0x80007",
					"JUCE_MODULE_AVAILABLE_juce_audio_basics=1",
					"JUCE_MODULE_AVAILABLE_juce_audio_devices=1",
					"JUCE_MODULE_AVAILABLE_juce_audio_formats=1",
					"JUCE_MODULE_AVAILABLE_juce_audio_plugin_client=1",
					"JUCE_MODULE_AVAILABLE_juce_audio_processors=1",
					"JUCE_MODULE_AVAILABLE_juce_audio_utils=1",
					"JUCE_MODULE_AVAILABLE_juce_core=1",
					"JUCE_MODULE_AVAILABLE_juce_data_structures=1",
					"JUCE_MODULE_AVAILABLE_juce_dsp=1",
					"JUCE_MODULE_AVAILABLE_juce_events=1",
					"JUCE_MODULE_AVAILABLE_juce_graphics=1",
					"JUCE_MODULE_AVAILABLE_juce_gui_basics=1",
					"JUCE_MODULE_AVAILABLE_juce_gui_extra=1",
					"JUCE_MODULE_AVAILABLE_nierika_dsp=1",
					"JUCE_GLOBAL_MODULE_SETTINGS_INCLUDED=1",
					"JUCE_VST3_CAN_REPLACE_VST2=0",
					"JUCE_STRICT_REFCOUNTEDPOINTER=1",
					"JucePlugin_Build_VST=0",
					"JucePlugin_Build_VST3=0",
					"JucePlugin_Build_AU=0",
					"JucePlugin_Build_AUv3=0",
					"JucePlugin_Build_AAX=0",
					"JucePlugin_Build_Standalone=1",
					"JucePlugin_Build_Unity=0",
					"JucePlugin_Build_LV2=0",
					"JucePlugin_Enable_IAA=0",
					"JucePlugin_Enable_ARA=0",
					"JucePlugin_Name=\\\"Flux\\ Lab\\\"",
					"JucePlugin_Desc=\\\"Flux\\ Lab\\\"",
					"JucePlugin_Manufacturer=\\\"Nierika\\\"",
					"JucePlugin_ManufacturerWebsite=\\\"https://nierika.art\\\"",
					"JucePlugin_ManufacturerEmail=\\\"sebastien.halbeher@nierika.art\\\"",
					"JucePlugin_ManufacturerCode=0x4e524b41",
					"JucePlugin_PluginCode=0x536e6278",
					"JucePlugin_IsSynth=0",
					"JucePlugin_WantsMidiInput=0",
					"JucePlugin_ProducesMidiOutput=0",
					"JucePlugin_IsMidiEffect=0",
					"JucePlugin_EditorRequiresKeyboardFocus=0",
					"JucePlugin_Version=1.0.0",
					"JucePlugin_VersionCode=0x10000",
					"JucePlugin_VersionString=\\\"1.0.0\\\"",
					"JucePlugin_VSTUniqueID=JucePlugin_PluginCode",
					"JucePlugin_VSTCategory=kPlugCategEffect",
					"JucePlugin_Vst3Category=\\\"Fx\\\"",
					"JucePlugin_AUMainType=\\'aufx\\'",
					"JucePlugin_AUSubType=JucePlugin_PluginCode",
					"JucePlugin_AUExportPrefix=FluxLabAU",
					"JucePlugin_AUExportPrefixQuoted=\\\"FluxLabAU\\\"",
					"JucePlugin_AUManufacturerCode=JucePlugin_ManufacturerCode",
					"JucePlugin_CFBundleIdentifier=com.nierika.fluxlab",
					"JucePlugin_AAXIdentifier=com.nierika.fluxlab",
					"JucePlugin_AAXManufacturerCode=JucePlugin_ManufacturerCode",
					"JucePlugin_AAXProductId=JucePlugin_PluginCode",
					"JucePlugin_AAXCategory=0",
					"JucePlugin_AAXDisableBypass=0",
					"JucePlugin_AAXDisableMultiMono=0",
					"JucePlugin_IAAType=0x61757278",
					"JucePlugin_IAASubType=JucePlugin_PluginCode",
					"JucePlugin_IAAName=\\\"Nierika:\\ Flux\\ Lab\\\"",
					"JucePlugin_VSTNumMidiInputs=16",
					"JucePlugin_VSTNumMidiOutputs=16",
					"JucePlugin_ARAContentTypes=0",
					"JucePlugin_ARATransformationFlags=0",
					"JucePlugin_ARAFactoryID=\\\"com.Nierika.FluxLab.factory\\\"",
					"JucePlugin_ARADocumentArchiveID=\\\"com.Nierika.FluxLab.aradocumentarchive.1.0.0\\\"",
					"JucePlugin_ARACompatibleArchiveIDs=\\\"\\\"",
					"JUCE_STANDALONE_APPLICATION=JucePlugin_Build_Standalone",
					"JUCER_XCODE_IPHONE_5BC26AE3=1",
					"JUCE_APP_VERSION=1.0.0",
					"JUCE_APP_VERSION_HEX=0x10000",
				);
				GCC_VERSION = com.apple.compilers.llvm.clang.1_0;
				HEADER_SEARCH_PATHS = (
					"$(SRCROOT)/../../JuceLibraryCode",
					"$(SRCROOT)/../../../libraries/JUCE/modules",
					"$(SRCROOT)/../../../../Repos",
					"$(SRCROOT)/../../Include",
					"$(SRCROOT)/../../Assets",
					"$(SRCROOT)/../../../libraries/JUCE/modules/juce_audio_plugin_client/AU",
					"$(inherited)",
				);
				INFOPLIST_FILE = Info-Standalone_Plugin.plist;
				INFOPLIST_PREPROCESS = NO;
				LLVM_LTO = YES;
				MTL_HEADER_SEARCH_PATHS = "$(SRCROOT)/../../JuceLibraryCode $(SRCROOT)/../../../libraries/JUCE/modules $(SRCROOT)/../../../../Repos $(SRCROOT)/../../Include $(SRCROOT)/../../Assets $(SRCROOT)/../../../libraries/JUCE/modules/juce_audio_plugin_client/AU";
				OTHER_LDFLAGS = "-lFlux\\ Lab";
				PRODUCT_BUNDLE_IDENTIFIER = com.nierika.fluxlab;
				PRODUCT_NAME = "Flux Lab";
				USE_HEADERMAP = NO;
			};
			name = Release;
		};
		36F4DE703E6CC2CD182A20A7 /* Release */ = {
			isa = XCBuildConfiguration;
			buildSettings = {
				ALWAYS_SEARCH_USER_PATHS = NO;
				CLANG_ENABLE_OBJC_WEAK = YES;
				CLANG_WARN_BLOCK_CAPTURE_AUTORELEASING = YES;
				CLANG_WARN_BOOL_CONVERSION = YES;
				CLANG_WARN_COMMA = YES;
				CLANG_WARN_CONSTANT_CONVERSION = YES;
				CLANG_WARN_DEPRECATED_OBJC_IMPLEMENTATIONS = YES;
				CLANG_WARN_EMPTY_BODY = YES;
				CLANG_WARN_ENUM_CONVERSION = YES;
				CLANG_WARN_INFINITE_RECURSION = YES;
				CLANG_WARN_INT_CONVERSION = YES;
				CLANG_WARN_NON_LITERAL_NULL_CONVERSION = YES;
				CLANG_WARN_OBJC_IMPLICIT_RETAIN_SELF = YES;
				CLANG_WARN_OBJC_LITERAL_CONVERSION = YES;
				CLANG_WARN_RANGE_LOOP_ANALYSIS = YES;
				CLANG_WARN_STRICT_PROTOTYPES = YES;
				CLANG_WARN_SUSPICIOUS_MOVE = YES;
				CLANG_WARN_UNREACHABLE_CODE = YES;
				CLANG_WARN__DUPLICATE_METHOD_MATCH = YES;
				DEBUG_INFORMATION_FORMAT = dwarf;
				ENABLE_STRICT_OBJC_MSGSEND = YES;
				ENABLE_TESTABILITY = NO;
				GCC_C_LANGUAGE_STANDARD = c11;
				GCC_INLINES_ARE_PRIVATE_EXTERN = YES;
				GCC_MODEL_TUNING = G5;
				GCC_NO_COMMON_BLOCKS = YES;
				GCC_SYMBOLS_PRIVATE_EXTERN = YES;
				GCC_WARN_64_TO_32_BIT_CONVERSION = YES;
				GCC_WARN_ABOUT_RETURN_TYPE = YES;
				GCC_WARN_CHECK_SWITCH_STATEMENTS = YES;
				GCC_WARN_MISSING_PARENTHESES = YES;
				GCC_WARN_NON_VIRTUAL_DESTRUCTOR = YES;
				GCC_WARN_TYPECHECK_CALLS_TO_PRINTF = YES;
				GCC_WARN_UNDECLARED_SELECTOR = YES;
				GCC_WARN_UNINITIALIZED_AUTOS = YES;
				GCC_WARN_UNUSED_FUNCTION = YES;
				GCC_WARN_UNUSED_VARIABLE = YES;
				IPHONEOS_DEPLOYMENT_TARGET = 12.0;
				PRODUCT_NAME = "Flux Lab";
				SDKROOT = iphoneos;
				TARGETED_DEVICE_FAMILY = "1,2";
				WARNING_CFLAGS = "-Wreorder";
				ZERO_LINK = NO;
			};
			name = Release;
		};
		3F37D12E93B28F924349671B /* Release */ = {
			isa = XCBuildConfiguration;
			buildSettings = {
				ASSETCATALOG_COMPILER_APPICON_NAME = AppIcon;
				CLANG_CXX_LANGUAGE_STANDARD = "c++20";
				CLANG_CXX_LIBRARY = "libc++";
				CLANG_LINK_OBJC_RUNTIME = NO;
				COMBINE_HIDPI_IMAGES = YES;
				CONFIGURATION_BUILD_DIR = "$(PROJECT_DIR)/build/$(CONFIGURATION)";
				DEAD_CODE_STRIPPING = YES;
				GCC_GENERATE_DEBUGGING_SYMBOLS = NO;
				GCC_OPTIMIZATION_LEVEL = 3;
				GCC_PREPROCESSOR_DEFINITIONS = (
					"_NDEBUG=1",
					"NDEBUG=1",
					"JUCE_CONTENT_SHARING=1",
					"JUCE_PROJUCER_VERSION=0x80007",
					"JUCE_MODULE_AVAILABLE_juce_audio_basics=1",
					"JUCE_MODULE_AVAILABLE_juce_audio_devices=1",
					"JUCE_MODULE_AVAILABLE_juce_audio_formats=1",
					"JUCE_MODULE_AVAILABLE_juce_audio_plugin_client=1",
					"JUCE_MODULE_AVAILABLE_juce_audio_processors=1",
					"JUCE_MODULE_AVAILABLE_juce_audio_utils=1",
					"JUCE_MODULE_AVAILABLE_juce_core=1",
					"JUCE_MODULE_AVAILABLE_juce_data_structures=1",
					"JUCE_MODULE_AVAILABLE_juce_dsp=1",
					"JUCE_MODULE_AVAILABLE_juce_events=1",
					"JUCE_MODULE_AVAILABLE_juce_graphics=1",
					"JUCE_MODULE_AVAILABLE_juce_gui_basics=1",
					"JUCE_MODULE_AVAILABLE_juce_gui_extra=1",
					"JUCE_MODULE_AVAILABLE_nierika_dsp=1",
					"JUCE_GLOBAL_MODULE_SETTINGS_INCLUDED=1",
					"JUCE_VST3_CAN_REPLACE_VST2=0",
					"JUCE_STRICT_REFCOUNTEDPOINTER=1",
					"JucePlugin_Build_VST=0",
					"JucePlugin_Build_VST3=0",
					"JucePlugin_Build_AU=0",
					"JucePlugin_Build_AUv3=0",
					"JucePlugin_Build_AAX=0",
					"JucePlugin_Build_Standalone=1",
					"JucePlugin_Build_Unity=0",
					"JucePlugin_Build_LV2=0",
					"JucePlugin_Enable_IAA=0",
					"JucePlugin_Enable_ARA=0",
					"JucePlugin_Name=\\\"Flux\\ Lab\\\"",
					"JucePlugin_Desc=\\\"Flux\\ Lab\\\"",
					"JucePlugin_Manufacturer=\\\"Nierika\\\"",
					"JucePlugin_ManufacturerWebsite=\\\"https://nierika.art\\\"",
					"JucePlugin_ManufacturerEmail=\\\"sebastien.halbeher@nierika.art\\\"",
					"JucePlugin_ManufacturerCode=0x4e524b41",
					"JucePlugin_PluginCode=0x536e6278",
					"JucePlugin_IsSynth=0",
					"JucePlugin_WantsMidiInput=0",
					"JucePlugin_ProducesMidiOutput=0",
					"JucePlugin_IsMidiEffect=0",
					"JucePlugin_EditorRequiresKeyboardFocus=0",
					"JucePlugin_Version=1.0.0",
					"JucePlugin_VersionCode=0x10000",
					"JucePlugin_VersionString=\\\"1.0.0\\\"",
					"JucePlugin_VSTUniqueID=JucePlugin_PluginCode",
					"JucePlugin_VSTCategory=kPlugCategEffect",
					"JucePlugin_Vst3Category=\\\"Fx\\\"",
					"JucePlugin_AUMainType=\\'aufx\\'",
					"JucePlugin_AUSubType=JucePlugin_PluginCode",
					"JucePlugin_AUExportPrefix=FluxLabAU",
					"JucePlugin_AUExportPrefixQuoted=\\\"FluxLabAU\\\"",
					"JucePlugin_AUManufacturerCode=JucePlugin_ManufacturerCode",
					"JucePlugin_CFBundleIdentifier=com.nierika.fluxlab",
					"JucePlugin_AAXIdentifier=com.nierika.fluxlab",
					"JucePlugin_AAXManufacturerCode=JucePlugin_ManufacturerCode",
					"JucePlugin_AAXProductId=JucePlugin_PluginCode",
					"JucePlugin_AAXCategory=0",
					"JucePlugin_AAXDisableBypass=0",
					"JucePlugin_AAXDisableMultiMono=0",
					"JucePlugin_IAAType=0x61757278",
					"JucePlugin_IAASubType=JucePlugin_PluginCode",
					"JucePlugin_IAAName=\\\"Nierika:\\ Flux\\ Lab\\\"",
					"JucePlugin_VSTNumMidiInputs=16",
					"JucePlugin_VSTNumMidiOutputs=16",
					"JucePlugin_ARAContentTypes=0",
					"JucePlugin_ARATransformationFlags=0",
					"JucePlugin_ARAFactoryID=\\\"com.Nierika.FluxLab.factory\\\"",
					"JucePlugin_ARADocumentArchiveID=\\\"com.Nierika.FluxLab.aradocumentarchive.1.0.0\\\"",
					"JucePlugin_ARACompatibleArchiveIDs=\\\"\\\"",
					"JUCE_STANDALONE_APPLICATION=JucePlugin_Build_Standalone",
					"JUCER_XCODE_IPHONE_5BC26AE3=1",
					"JUCE_APP_VERSION=1.0.0",
					"JUCE_APP_VERSION_HEX=0x10000",
					"JUCE_SHARED_CODE=1",
				);
				GCC_VERSION = com.apple.compilers.llvm.clang.1_0;
				HEADER_SEARCH_PATHS = (
					"$(SRCROOT)/../../JuceLibraryCode",
					"$(SRCROOT)/../../../libraries/JUCE/modules",
					"$(SRCROOT)/../../../../Repos",
					"$(SRCROOT)/../../Include",
					"$(SRCROOT)/../../Assets",
					"$(SRCROOT)/../../../libraries/JUCE/modules/juce_audio_plugin_client/AU",
					"$(inherited)",
				);
				INSTALL_PATH = "@executable_path/Frameworks";
				LLVM_LTO = YES;
				MTL_HEADER_SEARCH_PATHS = "$(SRCROOT)/../../JuceLibraryCode $(SRCROOT)/../../../libraries/JUCE/modules $(SRCROOT)/../../../../Repos $(SRCROOT)/../../Include $(SRCROOT)/../../Assets $(SRCROOT)/../../../libraries/JUCE/modules/juce_audio_plugin_client/AU";
				PRODUCT_BUNDLE_IDENTIFIER = com.nierika.fluxlab;
				PRODUCT_NAME = "Flux Lab";
				SKIP_INSTALL = YES;
				USE_HEADERMAP = NO;
			};
			name = Release;
		};
		8F437606C727CD401BDBD6A5 /* Debug */ = {
			isa = XCBuildConfiguration;
			buildSettings = {
				ALWAYS_SEARCH_USER_PATHS = NO;
				CLANG_ENABLE_OBJC_WEAK = YES;
				CLANG_WARN_BLOCK_CAPTURE_AUTORELEASING = YES;
				CLANG_WARN_BOOL_CONVERSION = YES;
				CLANG_WARN_COMMA = YES;
				CLANG_WARN_CONSTANT_CONVERSION = YES;
				CLANG_WARN_DEPRECATED_OBJC_IMPLEMENTATIONS = YES;
				CLANG_WARN_EMPTY_BODY = YES;
				CLANG_WARN_ENUM_CONVERSION = YES;
				CLANG_WARN_INFINITE_RECURSION = YES;
				CLANG_WARN_INT_CONVERSION = YES;
				CLANG_WARN_NON_LITERAL_NULL_CONVERSION = YES;
				CLANG_WARN_OBJC_IMPLICIT_RETAIN_SELF = YES;
				CLANG_WARN_OBJC_LITERAL_CONVERSION = YES;
				CLANG_WARN_RANGE_LOOP_ANALYSIS = YES;
				CLANG_WARN_STRICT_PROTOTYPES = YES;
				CLANG_WARN_SUSPICIOUS_MOVE = YES;
				CLANG_WARN_UNREACHABLE_CODE = YES;
				CLANG_WARN__DUPLICATE_METHOD_MATCH = YES;
				DEBUG_INFORMATION_FORMAT = dwarf;
				ENABLE_STRICT_OBJC_MSGSEND = YES;
				ENABLE_TESTABILITY = NO;
				GCC_C_LANGUAGE_STANDARD = c11;
				GCC_INLINES_ARE_PRIVATE_EXTERN = YES;
				GCC_MODEL_TUNING = G5;
				GCC_NO_COMMON_BLOCKS = YES;
				GCC_SYMBOLS_PRIVATE_EXTERN = YES;
				GCC_WARN_64_TO_32_BIT_CONVERSION = YES;
				GCC_WARN_ABOUT_RETURN_TYPE = YES;
				GCC_WARN_CHECK_SWITCH_STATEMENTS = YES;
				GCC_WARN_MISSING_PARENTHESES = YES;
				GCC_WARN_NON_VIRTUAL_DESTRUCTOR = YES;
				GCC_WARN_TYPECHECK_CALLS_TO_PRINTF = YES;
				GCC_WARN_UNDECLARED_SELECTOR = YES;
				GCC_WARN_UNINITIALIZED_AUTOS = YES;
				GCC_WARN_UNUSED_FUNCTION = YES;
				GCC_WARN_UNUSED_VARIABLE = YES;
				IPHONEOS_DEPLOYMENT_TARGET = 12.0;
				ONLY_ACTIVE_ARCH = YES;
				PRODUCT_NAME = "Flux Lab";
				SDKROOT = iphoneos;
				TARGETED_DEVICE_FAMILY = "1,2";
				WARNING_CFLAGS = "-Wreorder";
				ZERO_LINK = NO;
			};
			name = Debug;
		};
		BE51A7C8FEE4FDE18A1A4858 /* Debug */ = {
			isa = XCBuildConfiguration;
			buildSettings = {
				ASSETCATALOG_COMPILER_APPICON_NAME = AppIcon;
				CLANG_CXX_LANGUAGE_STANDARD = "c++20";
				CLANG_CXX_LIBRARY = "libc++";
				CLANG_LINK_OBJC_RUNTIME = NO;
				COMBINE_HIDPI_IMAGES = YES;
				CONFIGURATION_BUILD_DIR = "$(PROJECT_DIR)/build/$(CONFIGURATION)";
				COPY_PHASE_STRIP = NO;
				GCC_DYNAMIC_NO_PIC = NO;
				GCC_OPTIMIZATION_LEVEL = 0;
				GCC_PREPROCESSOR_DEFINITIONS = (
					"_DEBUG=1",
					"DEBUG=1",
					"JUCE_CONTENT_SHARING=1",
					"JUCE_PROJUCER_VERSION=0x80007",
					"JUCE_MODULE_AVAILABLE_juce_audio_basics=1",
					"JUCE_MODULE_AVAILABLE_juce_audio_devices=1",
					"JUCE_MODULE_AVAILABLE_juce_audio_formats=1",
					"JUCE_MODULE_AVAILABLE_juce_audio_plugin_client=1",
					"JUCE_MODULE_AVAILABLE_juce_audio_processors=1",
					"JUCE_MODULE_AVAILABLE_juce_audio_utils=1",
					"JUCE_MODULE_AVAILABLE_juce_core=1",
					"JUCE_MODULE_AVAILABLE_juce_data_structures=1",
					"JUCE_MODULE_AVAILABLE_juce_dsp=1",
					"JUCE_MODULE_AVAILABLE_juce_events=1",
					"JUCE_MODULE_AVAILABLE_juce_graphics=1",
					"JUCE_MODULE_AVAILABLE_juce_gui_basics=1",
					"JUCE_MODULE_AVAILABLE_juce_gui_extra=1",
					"JUCE_MODULE_AVAILABLE_nierika_dsp=1",
					"JUCE_GLOBAL_MODULE_SETTINGS_INCLUDED=1",
					"JUCE_VST3_CAN_REPLACE_VST2=0",
					"JUCE_STRICT_REFCOUNTEDPOINTER=1",
					"JucePlugin_Build_VST=0",
					"JucePlugin_Build_VST3=0",
					"JucePlugin_Build_AU=0",
					"JucePlugin_Build_AUv3=0",
					"JucePlugin_Build_AAX=0",
					"JucePlugin_Build_Standalone=1",
					"JucePlugin_Build_Unity=0",
					"JucePlugin_Build_LV2=0",
					"JucePlugin_Enable_IAA=0",
					"JucePlugin_Enable_ARA=0",
					"JucePlugin_Name=\\\"Flux\\ Lab\\\"",
					"JucePlugin_Desc=\\\"Flux\\ Lab\\\"",
					"JucePlugin_Manufacturer=\\\"Nierika\\\"",
					"JucePlugin_ManufacturerWebsite=\\\"https://nierika.art\\\"",
					"JucePlugin_ManufacturerEmail=\\\"sebastien.halbeher@nierika.art\\\"",
					"JucePlugin_ManufacturerCode=0x4e524b41",
					"JucePlugin_PluginCode=0x536e6278",
					"JucePlugin_IsSynth=0",
					"JucePlugin_WantsMidiInput=0",
					"JucePlugin_ProducesMidiOutput=0",
					"JucePlugin_IsMidiEffect=0",
					"JucePlugin_EditorRequiresKeyboardFocus=0",
					"JucePlugin_Version=1.0.0",
					"JucePlugin_VersionCode=0x10000",
					"JucePlugin_VersionString=\\\"1.0.0\\\"",
					"JucePlugin_VSTUniqueID=JucePlugin_PluginCode",
					"JucePlugin_VSTCategory=kPlugCategEffect",
					"JucePlugin_Vst3Category=\\\"Fx\\\"",
					"JucePlugin_AUMainType=\\'aufx\\'",
					"JucePlugin_AUSubType=JucePlugin_PluginCode",
					"JucePlugin_AUExportPrefix=FluxLabAU",
					"JucePlugin_AUExportPrefixQuoted=\\\"FluxLabAU\\\"",
					"JucePlugin_AUManufacturerCode=JucePlugin_ManufacturerCode",
					"JucePlugin_CFBundleIdentifier=com.nierika.fluxlab",
					"JucePlugin_AAXIdentifier=com.nierika.fluxlab",
					"JucePlugin_AAXManufacturerCode=JucePlugin_ManufacturerCode",
					"JucePlugin_AAXProductId=JucePlugin_PluginCode",
					"JucePlugin_AAXCategory=0",
					"JucePlugin_AAXDisableBypass=0",
					"JucePlugin_AAXDisableMultiMono=0",
					"JucePlugin_IAAType=0x61757278",
					"JucePlugin_IAASubType=JucePlugin_PluginCode",
					"JucePlugin_IAAName=\\\"Nierika:\\ Flux\\ Lab\\\"",
					"JucePlugin_VSTNumMidiInputs=16",
					"JucePlugin_VSTNumMidiOutputs=16",
					"JucePlugin_ARAContentTypes=0",
					"JucePlugin_ARATransformationFlags=0",
					"JucePlugin_ARAFactoryID=\\\"com.Nierika.FluxLab.factory\\\"",
					"JucePlugin_ARADocumentArchiveID=\\\"com.Nierika.FluxLab.aradocumentarchive.1.0.0\\\"",
					"JucePlugin_ARACompatibleArchiveIDs=\\\"\\\"",
					"JUCE_STANDALONE_APPLICATION=JucePlugin_Build_Standalone",
					"JUCER_XCODE_IPHONE_5BC26AE3=1",
					"JUCE_APP_VERSION=1.0.0",
					"JUCE_APP_VERSION_HEX=0x10000",
				);
				GCC_VERSION = com.apple.compilers.llvm.clang.1_0;
				HEADER_SEARCH_PATHS = (
					"$(SRCROOT)/../../JuceLibraryCode",
					"$(SRCROOT)/../../../libraries/JUCE/modules",
					"$(SRCROOT)/../../../../Repos",
					"$(SRCROOT)/../../Include",
					"$(SRCROOT)/../../Assets",
					"$(SRCROOT)/../../../libraries/JUCE/modules/juce_audio_plugin_client/AU",
					"$(inherited)",
				);
				INFOPLIST_FILE = Info-Standalone_Plugin.plist;
				INFOPLIST_PREPROCESS = NO;
				MTL_HEADER_SEARCH_PATHS = "$(SRCROOT)/../../JuceLibraryCode $(SRCROOT)/../../../libraries/JUCE/modules $(SRCROOT)/../../../../Repos $(SRCROOT)/../../Include $(SRCROOT)/../../Assets $(SRCROOT)/../../../libraries/JUCE/modules/juce_audio_plugin_client/AU";
				OTHER_LDFLAGS = "-lFlux\\ Lab";
				PRODUCT_BUNDLE_IDENTIFIER = com.nierika.fluxlab;
				PRODUCT_NAME = "Flux Lab";
				USE_HEADERMAP = NO;
			};
			name = Debug;
		};
		F1EE7A8B702568F30CD5C47C /* Debug */ = {
			isa = XCBuildConfiguration;
			buildSettings = {
				ASSETCATALOG_COMPILER_APPICON_NAME = AppIcon;
				CLANG_CXX_LANGUAGE_STANDARD = "c++20";
				CLANG_CXX_LIBRARY = "libc++";
				CLANG_LINK_OBJC_RUNTIME = NO;
				COMBINE_HIDPI_IMAGES = YES;
				CONFIGURATION_BUILD_DIR = "$(PROJECT_DIR)/build/$(CONFIGURATION)";
				COPY_PHASE_STRIP = NO;
				GCC_DYNAMIC_NO_PIC = NO;
				GCC_OPTIMIZATION_LEVEL = 0;
				GCC_PREPROCESSOR_DEFINITIONS = (
					"_DEBUG=1",
					"DEBUG=1",
					"JUCE_CONTENT_SHARING=1",
					"JUCE_PROJUCER_VERSION=0x80007",
					"JUCE_MODULE_AVAILABLE_juce_audio_basics=1",
					"JUCE_MODULE_AVAILABLE_juce_audio_devices=1",
					"JUCE_MODULE_AVAILABLE_juce_audio_formats=1",
					"JUCE_MODULE_AVAILABLE_juce_audio_plugin_client=1",
					"JUCE_MODULE_AVAILABLE_juce_audio_processors=1",
					"JUCE_MODULE_AVAILABLE_juce_audio_utils=1",
					"JUCE_MODULE_AVAILABLE_juce_core=1",
					"JUCE_MODULE_AVAILABLE_juce_data_structures=1",
					"JUCE_MODULE_AVAILABLE_juce_dsp=1",
					"JUCE_MODULE_AVAILABLE_juce_events=1",
					"JUCE_MODULE_AVAILABLE_juce_graphics=1",
					"JUCE_MODULE_AVAILABLE_juce_gui_basics=1",
					"JUCE_MODULE_AVAILABLE_juce_gui_extra=1",
					"JUCE_MODULE_AVAILABLE_nierika_dsp=1",
					"JUCE_GLOBAL_MODULE_SETTINGS_INCLUDED=1",
					"JUCE_VST3_CAN_REPLACE_VST2=0",
					"JUCE_STRICT_REFCOUNTEDPOINTER=1",
					"JucePlugin_Build_VST=0",
					"JucePlugin_Build_VST3=0",
					"JucePlugin_Build_AU=0",
					"JucePlugin_Build_AUv3=0",
					"JucePlugin_Build_AAX=0",
					"JucePlugin_Build_Standalone=0",
					"JucePlugin_Build_Unity=0",
					"JucePlugin_Build_LV2=0",
					"JucePlugin_Enable_IAA=0",
					"JucePlugin_Enable_ARA=0",
					"JucePlugin_Name=\\\"Flux\\ Lab\\\"",
					"JucePlugin_Desc=\\\"Flux\\ Lab\\\"",
					"JucePlugin_Manufacturer=\\\"Nierika\\\"",
					"JucePlugin_ManufacturerWebsite=\\\"https://nierika.art\\\"",
					"JucePlugin_ManufacturerEmail=\\\"sebastien.halbeher@nierika.art\\\"",
					"JucePlugin_ManufacturerCode=0x4e524b41",
					"JucePlugin_PluginCode=0x536e6278",
					"JucePlugin_IsSynth=0",
					"JucePlugin_WantsMidiInput=0",
					"JucePlugin_ProducesMidiOutput=0",
					"JucePlugin_IsMidiEffect=0",
					"JucePlugin_EditorRequiresKeyboardFocus=0",
					"JucePlugin_Version=1.0.0",
					"JucePlugin_VersionCode=0x10000",
					"JucePlugin_VersionString=\\\"1.0.0\\\"",
					"JucePlugin_VSTUniqueID=JucePlugin_PluginCode",
					"JucePlugin_VSTCategory=kPlugCategEffect",
					"JucePlugin_Vst3Category=\\\"Fx\\\"",
					"JucePlugin_AUMainType=\\'aufx\\'",
					"JucePlugin_AUSubType=JucePlugin_PluginCode",
					"JucePlugin_AUExportPrefix=FluxLabAU",
					"JucePlugin_AUExportPrefixQuoted=\\\"FluxLabAU\\\"",
					"JucePlugin_AUManufacturerCode=JucePlugin_ManufacturerCode",
					"JucePlugin_CFBundleIdentifier=com.nierika.fluxlab",
					"JucePlugin_AAXIdentifier=com.nierika.fluxlab",
					"JucePlugin_AAXManufacturerCode=JucePlugin_ManufacturerCode",
					"JucePlugin_AAXProductId=JucePlugin_PluginCode",
					"JucePlugin_AAXCategory=0",
					"JucePlugin_AAXDisableBypass=0",
					"JucePlugin_AAXDisableMultiMono=0",
					"JucePlugin_IAAType=0x61757278",
					"JucePlugin_IAASubType=JucePlugin_PluginCode",
					"JucePlugin_IAAName=\\\"Nierika:\\ Flux\\ Lab\\\"",
					"JucePlugin_VSTNumMidiInputs=16",
					"JucePlugin_VSTNumMidiOutputs=16",
					"JucePlugin_ARAContentTypes=0",
					"JucePlugin_ARATransformationFlags=0",
					"JucePlugin_ARAFactoryID=\\\"com.Nierika.FluxLab.factory\\\"",
					"JucePlugin_ARADocumentArchiveID=\\\"com.Nierika.FluxLab.aradocumentarchive.1.0.0\\\"",
					"JucePlugin_ARACompatibleArchiveIDs=\\\"\\\"",
					"JUCE_STANDALONE_APPLICATION=JucePlugin_Build_Standalone",
					"JUCER_XCODE_IPHONE_5BC26AE3=1",
					"JUCE_APP_VERSION=1.0.0",
					"JUCE_APP_VERSION_HEX=0x10000",
				);
				GCC_VERSION = com.apple.compilers.llvm.clang.1_0;
				HEADER_SEARCH_PATHS = (
					"$(SRCROOT)/../../JuceLibraryCode",
					"$(SRCROOT)/../../../libraries/JUCE/modules",
					"$(SRCROOT)/../../../../Repos",
					"$(SRCROOT)/../../Include",
					"$(SRCROOT)/../../Assets",
					"$(SRCROOT)/../../../libraries/JUCE/modules/juce_audio_plugin_client/AU",
					"$(inherited)",
				);
				MTL_HEADER_SEARCH_PATHS = "$(SRCROOT)/../../JuceLibraryCode $(SRCROOT)/../../../libraries/JUCE/modules $(SRCROOT)/../../../../Repos $(SRCROOT)/../../Include $(SRCROOT)/../../Assets $(SRCROOT)/../../../libraries/JUCE/modules/juce_audio_plugin_client/AU";
				OTHER_LDFLAGS = "-lFlux\\ Lab";
				PRODUCT_BUNDLE_IDENTIFIER = com.nierika.fluxlab;
				PRODUCT_NAME = "Flux Lab";
				USE_HEADERMAP = NO;
			};
			name = Debug;
		};
/* End XCBuildConfiguration section */

/* Begin XCConfigurationList section */
		038F69A4E13F7ECE02E863CE = {
			isa = XCConfigurationList;
			buildConfigurations = (
				0E4FC4DAFEB92AC5CFFC03B2,
				3F37D12E93B28F924349671B,
			);
			defaultConfigurationIsVisible = 0;
			defaultConfigurationName = Debug;
		};
		0786A5F5DF54B28C17D9F784 = {
			isa = XCConfigurationList;
			buildConfigurations = (
				F1EE7A8B702568F30CD5C47C,
				065C00A49A01DA5ED23418DD,
			);
			defaultConfigurationIsVisible = 0;
			defaultConfigurationName = Debug;
		};
		1294E43D0B3505FCDE0D371A = {
			isa = XCConfigurationList;
			buildConfigurations = (
				36F4DE703E6CC2CD182A20A7,
				8F437606C727CD401BDBD6A5,
			);
			defaultConfigurationIsVisible = 0;
			defaultConfigurationName = Debug;
		};
		1FCD5873182754A5BAFA9E13 = {
			isa = XCConfigurationList;
			buildConfigurations = (
				BE51A7C8FEE4FDE18A1A4858,
				2F857F1784F037DBAADB44C7,
			);
			defaultConfigurationIsVisible = 0;
			defaultConfigurationName = Debug;
		};
/* End XCConfigurationList section */
	};
	rootObject = 97CAC70AAAE03D55FC28222C /* Project object */;
}
